
Microsoft Visual Studio Solution File, Format Version 12.00
# Visual Studio Express 14 for Windows
VisualStudioVersion = 14.0.25420.1
MinimumVisualStudioVersion = 10.0.40219.1
Project("{8BC9CEB8-8B4A-11D0-8D11-00A0C91BC942}") = "libhltypes", "..\hltypes\msvc\vs2015-uwp\libhltypes.vcxproj", "{E4D373BF-E227-48B9-99E6-84987E8674EC}"
EndProject
Project("{8BC9CEB8-8B4A-11D0-8D11-00A0C91BC942}") = "demo_simple", "msvc\vs2015-uwp\demo_simple.vcxproj", "{8ED4EDB5-7C0E-411F-BCC6-E96882CC73F3}"
EndProject
Project("{8BC9CEB8-8B4A-11D0-8D11-00A0C91BC942}") = "libsakit", "msvc\vs2015-uwp\libsakit.vcxproj", "{4FC737F1-C7A5-4376-A066-2A32D752A2FF}"
EndProject
Global
	GlobalSection(SolutionConfigurationPlatforms) = preSolution
		Debug|ARM = Debug|ARM
		Debug|Win32 = Debug|Win32
		DebugS|ARM = DebugS|ARM
		DebugS|Win32 = DebugS|Win32
		Release|ARM = Release|ARM
		Release|Win32 = Release|Win32
		ReleaseS|ARM = ReleaseS|ARM
		ReleaseS|Win32 = ReleaseS|Win32
	EndGlobalSection
	GlobalSection(ProjectConfigurationPlatforms) = postSolution
		{E4D373BF-E227-48B9-99E6-84987E8674EC}.Debug|ARM.ActiveCfg = Debug|ARM
		{E4D373BF-E227-48B9-99E6-84987E8674EC}.Debug|ARM.Build.0 = Debug|ARM
		{E4D373BF-E227-48B9-99E6-84987E8674EC}.Debug|Win32.ActiveCfg = Debug|Win32
		{E4D373BF-E227-48B9-99E6-84987E8674EC}.Debug|Win32.Build.0 = Debug|Win32
		{E4D373BF-E227-48B9-99E6-84987E8674EC}.DebugS|ARM.ActiveCfg = DebugS|ARM
		{E4D373BF-E227-48B9-99E6-84987E8674EC}.DebugS|ARM.Build.0 = DebugS|ARM
		{E4D373BF-E227-48B9-99E6-84987E8674EC}.DebugS|Win32.ActiveCfg = DebugS|Win32
		{E4D373BF-E227-48B9-99E6-84987E8674EC}.DebugS|Win32.Build.0 = DebugS|Win32
		{E4D373BF-E227-48B9-99E6-84987E8674EC}.Release|ARM.ActiveCfg = Release|ARM
		{E4D373BF-E227-48B9-99E6-84987E8674EC}.Release|ARM.Build.0 = Release|ARM
		{E4D373BF-E227-48B9-99E6-84987E8674EC}.Release|Win32.ActiveCfg = Release|Win32
		{E4D373BF-E227-48B9-99E6-84987E8674EC}.Release|Win32.Build.0 = Release|Win32
		{E4D373BF-E227-48B9-99E6-84987E8674EC}.ReleaseS|ARM.ActiveCfg = ReleaseS|ARM
		{E4D373BF-E227-48B9-99E6-84987E8674EC}.ReleaseS|ARM.Build.0 = ReleaseS|ARM
		{E4D373BF-E227-48B9-99E6-84987E8674EC}.ReleaseS|Win32.ActiveCfg = ReleaseS|Win32
		{E4D373BF-E227-48B9-99E6-84987E8674EC}.ReleaseS|Win32.Build.0 = ReleaseS|Win32
		{8ED4EDB5-7C0E-411F-BCC6-E96882CC73F3}.Debug|ARM.ActiveCfg = Debug|ARM
		{8ED4EDB5-7C0E-411F-BCC6-E96882CC73F3}.Debug|ARM.Build.0 = Debug|ARM
		{8ED4EDB5-7C0E-411F-BCC6-E96882CC73F3}.Debug|ARM.Deploy.0 = Debug|ARM
		{8ED4EDB5-7C0E-411F-BCC6-E96882CC73F3}.Debug|Win32.ActiveCfg = Debug|Win32
		{8ED4EDB5-7C0E-411F-BCC6-E96882CC73F3}.Debug|Win32.Build.0 = Debug|Win32
		{8ED4EDB5-7C0E-411F-BCC6-E96882CC73F3}.Debug|Win32.Deploy.0 = Debug|Win32
		{8ED4EDB5-7C0E-411F-BCC6-E96882CC73F3}.DebugS|ARM.ActiveCfg = DebugS|ARM
		{8ED4EDB5-7C0E-411F-BCC6-E96882CC73F3}.DebugS|ARM.Build.0 = DebugS|ARM
		{8ED4EDB5-7C0E-411F-BCC6-E96882CC73F3}.DebugS|ARM.Deploy.0 = DebugS|ARM
		{8ED4EDB5-7C0E-411F-BCC6-E96882CC73F3}.DebugS|Win32.ActiveCfg = DebugS|Win32
		{8ED4EDB5-7C0E-411F-BCC6-E96882CC73F3}.DebugS|Win32.Build.0 = DebugS|Win32
		{8ED4EDB5-7C0E-411F-BCC6-E96882CC73F3}.DebugS|Win32.Deploy.0 = DebugS|Win32
		{8ED4EDB5-7C0E-411F-BCC6-E96882CC73F3}.Release|ARM.ActiveCfg = Release|ARM
		{8ED4EDB5-7C0E-411F-BCC6-E96882CC73F3}.Release|ARM.Build.0 = Release|ARM
		{8ED4EDB5-7C0E-411F-BCC6-E96882CC73F3}.Release|ARM.Deploy.0 = Release|ARM
		{8ED4EDB5-7C0E-411F-BCC6-E96882CC73F3}.Release|Win32.ActiveCfg = Release|Win32
		{8ED4EDB5-7C0E-411F-BCC6-E96882CC73F3}.Release|Win32.Build.0 = Release|Win32
		{8ED4EDB5-7C0E-411F-BCC6-E96882CC73F3}.Release|Win32.Deploy.0 = Release|Win32
		{8ED4EDB5-7C0E-411F-BCC6-E96882CC73F3}.ReleaseS|ARM.ActiveCfg = ReleaseS|ARM
		{8ED4EDB5-7C0E-411F-BCC6-E96882CC73F3}.ReleaseS|ARM.Build.0 = ReleaseS|ARM
		{8ED4EDB5-7C0E-411F-BCC6-E96882CC73F3}.ReleaseS|ARM.Deploy.0 = ReleaseS|ARM
		{8ED4EDB5-7C0E-411F-BCC6-E96882CC73F3}.ReleaseS|Win32.ActiveCfg = ReleaseS|Win32
		{8ED4EDB5-7C0E-411F-BCC6-E96882CC73F3}.ReleaseS|Win32.Build.0 = ReleaseS|Win32
		{8ED4EDB5-7C0E-411F-BCC6-E96882CC73F3}.ReleaseS|Win32.Deploy.0 = ReleaseS|Win32
		{4FC737F1-C7A5-4376-A066-2A32D752A2FF}.Debug|ARM.ActiveCfg = Debug|ARM
		{4FC737F1-C7A5-4376-A066-2A32D752A2FF}.Debug|ARM.Build.0 = Debug|ARM
		{4FC737F1-C7A5-4376-A066-2A32D752A2FF}.Debug|ARM.Deploy.0 = Debug|ARM
		{4FC737F1-C7A5-4376-A066-2A32D752A2FF}.Debug|Win32.ActiveCfg = Debug|Win32
		{4FC737F1-C7A5-4376-A066-2A32D752A2FF}.Debug|Win32.Build.0 = Debug|Win32
		{4FC737F1-C7A5-4376-A066-2A32D752A2FF}.DebugS|ARM.ActiveCfg = DebugS|ARM
		{4FC737F1-C7A5-4376-A066-2A32D752A2FF}.DebugS|ARM.Build.0 = DebugS|ARM
		{4FC737F1-C7A5-4376-A066-2A32D752A2FF}.DebugS|ARM.Deploy.0 = DebugS|ARM
		{4FC737F1-C7A5-4376-A066-2A32D752A2FF}.DebugS|Win32.ActiveCfg = DebugS|Win32
		{4FC737F1-C7A5-4376-A066-2A32D752A2FF}.DebugS|Win32.Build.0 = DebugS|Win32
		{4FC737F1-C7A5-4376-A066-2A32D752A2FF}.Release|ARM.ActiveCfg = Release|ARM
		{4FC737F1-C7A5-4376-A066-2A32D752A2FF}.Release|ARM.Build.0 = Release|ARM
		{4FC737F1-C7A5-4376-A066-2A32D752A2FF}.Release|ARM.Deploy.0 = Release|ARM
		{4FC737F1-C7A5-4376-A066-2A32D752A2FF}.Release|Win32.ActiveCfg = Release|Win32
		{4FC737F1-C7A5-4376-A066-2A32D752A2FF}.Release|Win32.Build.0 = Release|Win32
		{4FC737F1-C7A5-4376-A066-2A32D752A2FF}.ReleaseS|ARM.ActiveCfg = ReleaseS|ARM
		{4FC737F1-C7A5-4376-A066-2A32D752A2FF}.ReleaseS|ARM.Build.0 = ReleaseS|ARM
		{4FC737F1-C7A5-4376-A066-2A32D752A2FF}.ReleaseS|ARM.Deploy.0 = ReleaseS|ARM
		{4FC737F1-C7A5-4376-A066-2A32D752A2FF}.ReleaseS|Win32.ActiveCfg = ReleaseS|Win32
		{4FC737F1-C7A5-4376-A066-2A32D752A2FF}.ReleaseS|Win32.Build.0 = ReleaseS|Win32
	EndGlobalSection
	GlobalSection(SolutionProperties) = preSolution
		HideSolutionNode = FALSE
	EndGlobalSection
EndGlobal
