<?xml version="1.0" encoding="utf-8"?>
<Project ToolsVersion="4.0" xmlns="http://schemas.microsoft.com/developer/msbuild/2003">
  <ItemGroup>
    <Filter Include="Source Files">
      <UniqueIdentifier>{4FC737F1-C7A5-4376-A066-2A32D752A2FF}</UniqueIdentifier>
      <Extensions>cpp;c;cc;cxx;def;odl;idl;hpj;bat;asm;asmx</Extensions>
    </Filter>
    <Filter Include="Header Files">
      <UniqueIdentifier>{93995380-89BD-4b04-88EB-625FBE52EBFB}</UniqueIdentifier>
      <Extensions>h;hpp;hxx;hm;inl;inc;xsd</Extensions>
    </Filter>
    <Filter Include="Resource Files">
      <UniqueIdentifier>{9b8b10fa-2c53-46e9-afd1-fdb4d5e98092}</UniqueIdentifier>
    </Filter>
    <Filter Include="Header Files\Sockets">
      <UniqueIdentifier>{27c578b8-849f-42cf-893b-03cc03f21412}</UniqueIdentifier>
    </Filter>
    <Filter Include="Source Files\Sockets">
      <UniqueIdentifier>{d053acb6-78a1-4fb1-b585-e37f4dea1e3e}</UniqueIdentifier>
    </Filter>
    <Filter Include="Source Files\Servers">
      <UniqueIdentifier>{c3b1a826-ee70-4256-b4c2-9c3da86cd064}</UniqueIdentifier>
    </Filter>
    <Filter Include="Header Files\Servers">
      <UniqueIdentifier>{89d1d63b-dea3-4ad0-bc72-fbbd407ba615}</UniqueIdentifier>
    </Filter>
    <Filter Include="Header Files\Platform">
      <UniqueIdentifier>{e59d4af7-b70d-4a03-a670-2f5fcb88a1b7}</UniqueIdentifier>
    </Filter>
    <Filter Include="Source Files\Platform">
      <UniqueIdentifier>{e345b3c9-72de-401c-964b-af38e73ea486}</UniqueIdentifier>
    </Filter>
    <Filter Include="Source Files\Threads">
      <UniqueIdentifier>{224f9c3f-16e8-4da9-b594-3f6974d2b05f}</UniqueIdentifier>
    </Filter>
    <Filter Include="Header Files\Threads">
      <UniqueIdentifier>{08cce590-38c5-4746-9525-f88c842afcaa}</UniqueIdentifier>
    </Filter>
    <Filter Include="Header Files\Fragments">
      <UniqueIdentifier>{3df42c9f-d58e-4b39-aea4-50ca26677d7a}</UniqueIdentifier>
    </Filter>
    <Filter Include="Source Files\Fragments">
      <UniqueIdentifier>{6c96991e-6439-4989-9698-331b8391a7fe}</UniqueIdentifier>
    </Filter>
  </ItemGroup>
  <ItemGroup>
    <ResourceCompile Include="fileproperties.rc">
      <Filter>Resource Files</Filter>
    </ResourceCompile>
  </ItemGroup>
  <ItemGroup>
    <ClInclude Include="include\sakit\sakit.h">
      <Filter>Header Files</Filter>
    </ClInclude>
    <ClInclude Include="include\sakit\sakitExport.h">
      <Filter>Header Files</Filter>
    </ClInclude>
    <ClInclude Include="include\sakit\Socket.h">
      <Filter>Header Files\Sockets</Filter>
    </ClInclude>
    <ClInclude Include="include\sakit\TcpSocket.h">
      <Filter>Header Files\Sockets</Filter>
    </ClInclude>
    <ClInclude Include="include\sakit\Server.h">
      <Filter>Header Files\Servers</Filter>
    </ClInclude>
    <ClInclude Include="include\sakit\TcpServer.h">
      <Filter>Header Files\Servers</Filter>
    </ClInclude>
    <ClInclude Include="include\sakit\ServerDelegate.h">
      <Filter>Header Files\Servers</Filter>
    </ClInclude>
    <ClInclude Include="include\sakit\SocketDelegate.h">
      <Filter>Header Files\Sockets</Filter>
    </ClInclude>
    <ClInclude Include="include\sakit\Base.h">
      <Filter>Header Files</Filter>
    </ClInclude>
    <ClInclude Include="include\sakit\TcpServerDelegate.h">
      <Filter>Header Files\Servers</Filter>
    </ClInclude>
    <ClInclude Include="include\sakit\UdpSocket.h">
      <Filter>Header Files\Sockets</Filter>
    </ClInclude>
    <ClInclude Include="include\sakit\NetworkAdapter.h">
      <Filter>Header Files</Filter>
    </ClInclude>
    <ClInclude Include="include\sakit\Host.h">
      <Filter>Header Files</Filter>
    </ClInclude>
    <ClInclude Include="src\WorkerThread.h">
      <Filter>Header Files\Threads</Filter>
    </ClInclude>
    <ClInclude Include="src\SenderThread.h">
      <Filter>Header Files\Threads</Filter>
    </ClInclude>
    <ClInclude Include="src\TcpServerThread.h">
      <Filter>Header Files\Threads</Filter>
    </ClInclude>
    <ClInclude Include="src\PlatformSocket.h">
      <Filter>Header Files\Platform</Filter>
    </ClInclude>
    <ClInclude Include="include\sakit\Url.h">
      <Filter>Header Files</Filter>
    </ClInclude>
    <ClInclude Include="include\sakit\SocketBase.h">
      <Filter>Header Files\Sockets</Filter>
    </ClInclude>
    <ClInclude Include="include\sakit\HttpResponse.h">
      <Filter>Header Files\Sockets</Filter>
    </ClInclude>
    <ClInclude Include="include\sakit\HttpSocket.h">
      <Filter>Header Files\Sockets</Filter>
    </ClInclude>
    <ClInclude Include="include\sakit\HttpSocketDelegate.h">
      <Filter>Header Files\Sockets</Filter>
    </ClInclude>
    <ClInclude Include="src\HttpSocketThread.h">
      <Filter>Header Files\Threads</Filter>
    </ClInclude>
    <ClInclude Include="include\sakit\UdpSocketDelegate.h">
      <Filter>Header Files\Sockets</Filter>
    </ClInclude>
    <ClInclude Include="include\sakit\TcpSocketDelegate.h">
      <Filter>Header Files\Sockets</Filter>
    </ClInclude>
    <ClInclude Include="src\TcpReceiverThread.h">
      <Filter>Header Files\Threads</Filter>
    </ClInclude>
    <ClInclude Include="src\UdpReceiverThread.h">
      <Filter>Header Files\Threads</Filter>
    </ClInclude>
    <ClInclude Include="include\sakit\UdpServerDelegate.h">
      <Filter>Header Files\Servers</Filter>
    </ClInclude>
    <ClInclude Include="include\sakit\UdpServer.h">
      <Filter>Header Files\Servers</Filter>
    </ClInclude>
    <ClInclude Include="src\UdpServerThread.h">
      <Filter>Header Files\Threads</Filter>
    </ClInclude>
    <ClInclude Include="include\sakit\State.h">
      <Filter>Header Files</Filter>
    </ClInclude>
    <ClInclude Include="include\sakit\Connector.h">
      <Filter>Header Files\Fragments</Filter>
    </ClInclude>
    <ClInclude Include="src\sakitUtil.h">
      <Filter>Header Files</Filter>
    </ClInclude>
    <ClInclude Include="include\sakit\ConnectorDelegate.h">
      <Filter>Header Files\Fragments</Filter>
    </ClInclude>
    <ClInclude Include="include\sakit\Binder.h">
      <Filter>Header Files\Fragments</Filter>
    </ClInclude>
    <ClInclude Include="src\ConnectorThread.h">
      <Filter>Header Files\Threads</Filter>
    </ClInclude>
    <ClInclude Include="src\BinderThread.h">
      <Filter>Header Files\Threads</Filter>
    </ClInclude>
    <ClInclude Include="include\sakit\BinderDelegate.h">
      <Filter>Header Files\Fragments</Filter>
    </ClInclude>
    <ClInclude Include="src\ReceiverThread.h">
      <Filter>Header Files\Threads</Filter>
    </ClInclude>
  </ItemGroup>
  <ItemGroup>
    <ClCompile Include="src\sakit.cpp">
      <Filter>Source Files</Filter>
    </ClCompile>
    <ClCompile Include="src\Socket.cpp">
      <Filter>Source Files\Sockets</Filter>
    </ClCompile>
    <ClCompile Include="src\TcpSocket.cpp">
      <Filter>Source Files\Sockets</Filter>
    </ClCompile>
    <ClCompile Include="src\Server.cpp">
      <Filter>Source Files\Servers</Filter>
    </ClCompile>
    <ClCompile Include="src\ServerDelegate.cpp">
      <Filter>Source Files\Servers</Filter>
    </ClCompile>
    <ClCompile Include="src\TcpServer.cpp">
      <Filter>Source Files\Servers</Filter>
    </ClCompile>
    <ClCompile Include="src\SocketDelegate.cpp">
      <Filter>Source Files\Sockets</Filter>
    </ClCompile>
    <ClCompile Include="src\Base.cpp">
      <Filter>Source Files</Filter>
    </ClCompile>
    <ClCompile Include="src\TcpServerDelegate.cpp">
      <Filter>Source Files\Servers</Filter>
    </ClCompile>
    <ClCompile Include="src\UdpSocket.cpp">
      <Filter>Source Files\Sockets</Filter>
    </ClCompile>
    <ClCompile Include="src\NetworkAdapter.cpp">
      <Filter>Source Files</Filter>
    </ClCompile>
    <ClCompile Include="src\HttpSocket.cpp">
      <Filter>Source Files\Sockets</Filter>
    </ClCompile>
    <ClCompile Include="src\Host.cpp">
      <Filter>Source Files</Filter>
    </ClCompile>
    <ClCompile Include="src\ConnectorThread.cpp">
      <Filter>Source Files\Threads</Filter>
    </ClCompile>
    <ClCompile Include="src\SenderThread.cpp">
      <Filter>Source Files\Threads</Filter>
    </ClCompile>
    <ClCompile Include="src\TcpServerThread.cpp">
      <Filter>Source Files\Threads</Filter>
    </ClCompile>
    <ClCompile Include="src\WorkerThread.cpp">
      <Filter>Source Files\Threads</Filter>
    </ClCompile>
    <ClCompile Include="src\PlatformSocket.cpp">
      <Filter>Source Files\Platform</Filter>
    </ClCompile>
    <ClCompile Include="src\PlatformSocket_Sock.cpp">
      <Filter>Source Files\Platform</Filter>
    </ClCompile>
    <ClCompile Include="src\PlatformSocket_WinRT.cpp">
      <Filter>Source Files\Platform</Filter>
    </ClCompile>
    <ClCompile Include="src\HttpSocketDelegate.cpp">
      <Filter>Source Files\Sockets</Filter>
    </ClCompile>
    <ClCompile Include="src\Url.cpp">
      <Filter>Source Files</Filter>
    </ClCompile>
    <ClCompile Include="src\SocketBase.cpp">
      <Filter>Source Files\Sockets</Filter>
    </ClCompile>
    <ClCompile Include="src\HttpResponse.cpp">
      <Filter>Source Files\Sockets</Filter>
    </ClCompile>
    <ClCompile Include="src\HttpSocketThread.cpp">
      <Filter>Source Files\Threads</Filter>
    </ClCompile>
    <ClCompile Include="src\TcpSocketDelegate.cpp">
      <Filter>Source Files\Sockets</Filter>
    </ClCompile>
    <ClCompile Include="src\UdpSocketDelegate.cpp">
      <Filter>Source Files\Sockets</Filter>
    </ClCompile>
    <ClCompile Include="src\TcpReceiverThread.cpp">
      <Filter>Source Files\Threads</Filter>
    </ClCompile>
    <ClCompile Include="src\UdpReceiverThread.cpp">
      <Filter>Source Files\Threads</Filter>
    </ClCompile>
    <ClCompile Include="src\UdpServerDelegate.cpp">
      <Filter>Source Files\Servers</Filter>
    </ClCompile>
    <ClCompile Include="src\UdpServer.cpp">
      <Filter>Source Files\Servers</Filter>
    </ClCompile>
    <ClCompile Include="src\UdpServerThread.cpp">
      <Filter>Source Files\Threads</Filter>
    </ClCompile>
    <ClCompile Include="src\Connector.cpp">
      <Filter>Source Files\Fragments</Filter>
    </ClCompile>
    <ClCompile Include="src\sakitUtil.cpp">
      <Filter>Source Files</Filter>
    </ClCompile>
    <ClCompile Include="src\ConnectorDelegate.cpp">
      <Filter>Source Files\Fragments</Filter>
    </ClCompile>
    <ClCompile Include="src\Binder.cpp">
      <Filter>Source Files\Fragments</Filter>
    </ClCompile>
    <ClCompile Include="src\BinderThread.cpp">
      <Filter>Source Files\Threads</Filter>
    </ClCompile>
    <ClCompile Include="src\BinderDelegate.cpp">
      <Filter>Source Files\Fragments</Filter>
    </ClCompile>
    <ClCompile Include="src\ReceiverThread.cpp">
      <Filter>Source Files\Threads</Filter>
    </ClCompile>
  </ItemGroup>
</Project>