<?xml version="1.0" encoding="utf-8"?>
<Project ToolsVersion="4.0" xmlns="http://schemas.microsoft.com/developer/msbuild/2003">
  <ItemGroup>
    <Filter Include="Source Files">
      <UniqueIdentifier>{4FC737F1-C7A5-4376-A066-2A32D752A2FF}</UniqueIdentifier>
      <Extensions>cpp;c;cc;cxx;def;odl;idl;hpj;bat;asm;asmx</Extensions>
    </Filter>
    <Filter Include="Header Files">
      <UniqueIdentifier>{93995380-89BD-4b04-88EB-625FBE52EBFB}</UniqueIdentifier>
      <Extensions>h;hpp;hxx;hm;inl;inc;xsd</Extensions>
    </Filter>
    <Filter Include="Resource Files">
      <UniqueIdentifier>{3de13ce6-5802-49ce-bdc3-4f01ed7a4d28}</UniqueIdentifier>
    </Filter>
    <Filter Include="Header Files\Platform">
      <UniqueIdentifier>{7c912064-7d18-4a87-a897-7147f44fc257}</UniqueIdentifier>
    </Filter>
    <Filter Include="Header Files\Servers">
      <UniqueIdentifier>{9bfce250-1bd7-4a5a-8d81-5187f2402f70}</UniqueIdentifier>
    </Filter>
    <Filter Include="Header Files\Sockets">
      <UniqueIdentifier>{50e78d10-ea2e-4e25-b6eb-6b452e5ec2ce}</UniqueIdentifier>
    </Filter>
    <Filter Include="Header Files\Threads">
      <UniqueIdentifier>{bc163bc0-718f-4f7e-908f-09d74d5821aa}</UniqueIdentifier>
    </Filter>
    <Filter Include="Source Files\Platform">
      <UniqueIdentifier>{b4aac359-0169-4188-8cf7-c2570b479aea}</UniqueIdentifier>
    </Filter>
    <Filter Include="Source Files\Sockets">
      <UniqueIdentifier>{5fd7d6d5-3827-4ffa-aca7-f3d4c02740db}</UniqueIdentifier>
    </Filter>
    <Filter Include="Source Files\Servers">
      <UniqueIdentifier>{a618ee9d-02f1-4602-8294-cdfd978d64dc}</UniqueIdentifier>
    </Filter>
    <Filter Include="Source Files\Threads">
      <UniqueIdentifier>{c42b13ed-5ffa-479f-91b7-d2964beb7f20}</UniqueIdentifier>
    </Filter>
    <Filter Include="Header Files\Fragments">
      <UniqueIdentifier>{f0430f06-aae3-4a9f-8b20-fec2b8e66eb3}</UniqueIdentifier>
    </Filter>
    <Filter Include="Source Files\Fragments">
      <UniqueIdentifier>{eef2f5aa-0030-48e1-afbd-446779a4f868}</UniqueIdentifier>
    </Filter>
  </ItemGroup>
  <ItemGroup>
    <ClCompile Include="src\sakit.cpp">
      <Filter>Source Files</Filter>
    </ClCompile>
    <ClCompile Include="src\Base.cpp">
      <Filter>Source Files</Filter>
    </ClCompile>
    <ClCompile Include="src\Host.cpp">
      <Filter>Source Files</Filter>
    </ClCompile>
    <ClCompile Include="src\NetworkAdapter.cpp">
      <Filter>Source Files</Filter>
    </ClCompile>
    <ClCompile Include="src\Url.cpp">
      <Filter>Source Files</Filter>
    </ClCompile>
    <ClCompile Include="src\ConnectorThread.cpp">
      <Filter>Source Files\Threads</Filter>
    </ClCompile>
    <ClCompile Include="src\HttpSocketThread.cpp">
      <Filter>Source Files\Threads</Filter>
    </ClCompile>
    <ClCompile Include="src\HttpResponse.cpp">
      <Filter>Source Files\Sockets</Filter>
    </ClCompile>
    <ClCompile Include="src\HttpSocket.cpp">
      <Filter>Source Files\Sockets</Filter>
    </ClCompile>
    <ClCompile Include="src\HttpSocketDelegate.cpp">
      <Filter>Source Files\Sockets</Filter>
    </ClCompile>
    <ClCompile Include="src\PlatformSocket.cpp">
      <Filter>Source Files\Platform</Filter>
    </ClCompile>
    <ClCompile Include="src\PlatformSocket_Sock.cpp">
      <Filter>Source Files\Platform</Filter>
    </ClCompile>
    <ClCompile Include="src\PlatformSocket_WinRT.cpp">
      <Filter>Source Files\Platform</Filter>
    </ClCompile>
    <ClCompile Include="src\ReceiverThread.cpp">
      <Filter>Source Files\Threads</Filter>
    </ClCompile>
    <ClCompile Include="src\SenderThread.cpp">
      <Filter>Source Files\Threads</Filter>
    </ClCompile>
    <ClCompile Include="src\TcpServerThread.cpp">
      <Filter>Source Files\Threads</Filter>
    </ClCompile>
    <ClCompile Include="src\UdpServerThread.cpp">
      <Filter>Source Files\Threads</Filter>
    </ClCompile>
    <ClCompile Include="src\WorkerThread.cpp">
      <Filter>Source Files\Threads</Filter>
    </ClCompile>
    <ClCompile Include="src\Server.cpp">
      <Filter>Source Files\Servers</Filter>
    </ClCompile>
    <ClCompile Include="src\ServerDelegate.cpp">
      <Filter>Source Files\Servers</Filter>
    </ClCompile>
    <ClCompile Include="src\TcpServer.cpp">
      <Filter>Source Files\Servers</Filter>
    </ClCompile>
    <ClCompile Include="src\TcpServerDelegate.cpp">
      <Filter>Source Files\Servers</Filter>
    </ClCompile>
    <ClCompile Include="src\UdpServerDelegate.cpp">
      <Filter>Source Files\Servers</Filter>
    </ClCompile>
    <ClCompile Include="src\UdpServer.cpp">
      <Filter>Source Files\Servers</Filter>
    </ClCompile>
    <ClCompile Include="src\Socket.cpp">
      <Filter>Source Files\Sockets</Filter>
    </ClCompile>
    <ClCompile Include="src\SocketBase.cpp">
      <Filter>Source Files\Sockets</Filter>
    </ClCompile>
    <ClCompile Include="src\SocketDelegate.cpp">
      <Filter>Source Files\Sockets</Filter>
    </ClCompile>
    <ClCompile Include="src\TcpSocket.cpp">
      <Filter>Source Files\Sockets</Filter>
    </ClCompile>
    <ClCompile Include="src\UdpSocket.cpp">
      <Filter>Source Files\Sockets</Filter>
    </ClCompile>
    <ClCompile Include="src\Binder.cpp">
      <Filter>Source Files\Fragments</Filter>
    </ClCompile>
    <ClCompile Include="src\BinderDelegate.cpp">
      <Filter>Source Files\Fragments</Filter>
    </ClCompile>
    <ClCompile Include="src\Connector.cpp">
      <Filter>Source Files\Fragments</Filter>
    </ClCompile>
    <ClCompile Include="src\ConnectorDelegate.cpp">
      <Filter>Source Files\Fragments</Filter>
    </ClCompile>
    <ClCompile Include="src\sakitUtil.cpp">
      <Filter>Source Files</Filter>
    </ClCompile>
    <ClCompile Include="src\UdpReceiverThread.cpp">
      <Filter>Source Files\Threads</Filter>
    </ClCompile>
    <ClCompile Include="src\TcpReceiverThread.cpp">
      <Filter>Source Files\Threads</Filter>
    </ClCompile>
    <ClCompile Include="src\BinderThread.cpp">
      <Filter>Source Files\Threads</Filter>
    </ClCompile>
    <ClCompile Include="src\BroadcasterThread.cpp">
      <Filter>Source Files\Threads</Filter>
    </ClCompile>
    <ClCompile Include="src\UdpSocketDelegate.cpp">
      <Filter>Source Files\Sockets</Filter>
    </ClCompile>
    <ClCompile Include="src\TcpSocketDelegate.cpp">
      <Filter>Source Files\Sockets</Filter>
    </ClCompile>
    <ClCompile Include="src\TimedThread.cpp">
      <Filter>Source Files\Threads</Filter>
    </ClCompile>
  </ItemGroup>
  <ItemGroup>
    <ClInclude Include="include\sakit\sakit.h">
      <Filter>Header Files</Filter>
    </ClInclude>
    <ClInclude Include="include\sakit\sakitExport.h">
      <Filter>Header Files</Filter>
    </ClInclude>
    <ClInclude Include="include\sakit\Base.h">
      <Filter>Header Files</Filter>
    </ClInclude>
    <ClInclude Include="include\sakit\Host.h">
      <Filter>Header Files</Filter>
    </ClInclude>
    <ClInclude Include="include\sakit\NetworkAdapter.h">
      <Filter>Header Files</Filter>
    </ClInclude>
    <ClInclude Include="include\sakit\Url.h">
      <Filter>Header Files</Filter>
    </ClInclude>
    <ClInclude Include="src\HttpSocketThread.h">
      <Filter>Header Files\Threads</Filter>
    </ClInclude>
    <ClInclude Include="src\ReceiverThread.h">
      <Filter>Header Files\Threads</Filter>
    </ClInclude>
    <ClInclude Include="src\SenderThread.h">
      <Filter>Header Files\Threads</Filter>
    </ClInclude>
    <ClInclude Include="src\TcpServerThread.h">
      <Filter>Header Files\Threads</Filter>
    </ClInclude>
    <ClInclude Include="src\UdpServerThread.h">
      <Filter>Header Files\Threads</Filter>
    </ClInclude>
    <ClInclude Include="src\WorkerThread.h">
      <Filter>Header Files\Threads</Filter>
    </ClInclude>
    <ClInclude Include="src\PlatformSocket.h">
      <Filter>Header Files\Platform</Filter>
    </ClInclude>
    <ClInclude Include="src\ConnectorThread.h">
      <Filter>Header Files\Threads</Filter>
    </ClInclude>
    <ClInclude Include="include\sakit\HttpResponse.h">
      <Filter>Header Files\Sockets</Filter>
    </ClInclude>
    <ClInclude Include="include\sakit\HttpSocket.h">
      <Filter>Header Files\Sockets</Filter>
    </ClInclude>
    <ClInclude Include="include\sakit\HttpSocketDelegate.h">
      <Filter>Header Files\Sockets</Filter>
    </ClInclude>
    <ClInclude Include="include\sakit\Socket.h">
      <Filter>Header Files\Sockets</Filter>
    </ClInclude>
    <ClInclude Include="include\sakit\SocketDelegate.h">
      <Filter>Header Files\Sockets</Filter>
    </ClInclude>
    <ClInclude Include="include\sakit\SocketBase.h">
      <Filter>Header Files\Sockets</Filter>
    </ClInclude>
    <ClInclude Include="include\sakit\TcpSocket.h">
      <Filter>Header Files\Sockets</Filter>
    </ClInclude>
    <ClInclude Include="include\sakit\UdpSocket.h">
      <Filter>Header Files\Sockets</Filter>
    </ClInclude>
    <ClInclude Include="include\sakit\UdpServerDelegate.h">
      <Filter>Header Files\Servers</Filter>
    </ClInclude>
    <ClInclude Include="include\sakit\UdpServer.h">
      <Filter>Header Files\Servers</Filter>
    </ClInclude>
    <ClInclude Include="include\sakit\TcpServerDelegate.h">
      <Filter>Header Files\Servers</Filter>
    </ClInclude>
    <ClInclude Include="include\sakit\TcpServer.h">
      <Filter>Header Files\Servers</Filter>
    </ClInclude>
    <ClInclude Include="include\sakit\ServerDelegate.h">
      <Filter>Header Files\Servers</Filter>
    </ClInclude>
    <ClInclude Include="include\sakit\Server.h">
      <Filter>Header Files\Servers</Filter>
    </ClInclude>
    <ClInclude Include="include\sakit\Binder.h">
      <Filter>Header Files\Fragments</Filter>
    </ClInclude>
    <ClInclude Include="include\sakit\BinderDelegate.h">
      <Filter>Header Files\Fragments</Filter>
    </ClInclude>
    <ClInclude Include="include\sakit\Connector.h">
      <Filter>Header Files\Fragments</Filter>
    </ClInclude>
    <ClInclude Include="include\sakit\ConnectorDelegate.h">
      <Filter>Header Files\Fragments</Filter>
    </ClInclude>
    <ClInclude Include="include\sakit\State.h">
      <Filter>Header Files</Filter>
    </ClInclude>
    <ClInclude Include="include\sakit\TcpSocketDelegate.h">
      <Filter>Header Files\Sockets</Filter>
    </ClInclude>
    <ClInclude Include="include\sakit\UdpSocketDelegate.h">
      <Filter>Header Files\Sockets</Filter>
    </ClInclude>
    <ClInclude Include="src\BinderThread.h">
      <Filter>Header Files\Threads</Filter>
    </ClInclude>
    <ClInclude Include="src\BroadcasterThread.h">
      <Filter>Header Files\Threads</Filter>
    </ClInclude>
    <ClInclude Include="src\TcpReceiverThread.h">
      <Filter>Header Files\Threads</Filter>
    </ClInclude>
    <ClInclude Include="src\sakitUtil.h">
      <Filter>Header Files</Filter>
    </ClInclude>
    <ClInclude Include="src\UdpReceiverThread.h">
      <Filter>Header Files\Threads</Filter>
    </ClInclude>
    <ClInclude Include="src\TimedThread.h">
      <Filter>Header Files\Threads</Filter>
    </ClInclude>
  </ItemGroup>
  <ItemGroup>
    <ResourceCompile Include="fileproperties.rc">
      <Filter>Resource Files</Filter>
    </ResourceCompile>
  </ItemGroup>
</Project>