
Microsoft Visual Studio Solution File, Format Version 12.00
# Visual Studio Express 2012 for Windows 8
Project("{8BC9CEB8-8B4A-11D0-8D11-00A0C91BC942}") = "libsakit", "libsakit_WinRT.vcxproj", "{7D13C72C-B3E2-4FE8-8FBB-4F0E8DA2F33C}"
EndProject
Project("{8BC9CEB8-8B4A-11D0-8D11-00A0C91BC942}") = "libhltypes", "..\hltypes\libhltypes_WinRT.vcxproj", "{E4D373BF-E227-48B9-99E6-84987E8674EC}"
EndProject
Project("{8BC9CEB8-8B4A-11D0-8D11-00A0C91BC942}") = "demo_simple", "demos\demo_simple\demo_simple_WinRT.vcxproj", "{8ED4EDB5-7C0E-411F-BCC6-E96882CC73F3}"
EndProject
Global
	GlobalSection(SolutionConfigurationPlatforms) = preSolution
		Debug|ARM = Debug|ARM
		Debug|Win32 = Debug|Win32
		DebugP8|ARM = DebugP8|ARM
		DebugP8|Win32 = DebugP8|Win32
		Release|ARM = Release|ARM
		Release|Win32 = Release|Win32
		ReleaseP8|ARM = ReleaseP8|ARM
		ReleaseP8|Win32 = ReleaseP8|Win32
	EndGlobalSection
	GlobalSection(ProjectConfigurationPlatforms) = postSolution
		{7D13C72C-B3E2-4FE8-8FBB-4F0E8DA2F33C}.Debug|ARM.ActiveCfg = Debug|ARM
		{7D13C72C-B3E2-4FE8-8FBB-4F0E8DA2F33C}.Debug|ARM.Build.0 = Debug|ARM
		{7D13C72C-B3E2-4FE8-8FBB-4F0E8DA2F33C}.Debug|Win32.ActiveCfg = Debug|Win32
		{7D13C72C-B3E2-4FE8-8FBB-4F0E8DA2F33C}.Debug|Win32.Build.0 = Debug|Win32
		{7D13C72C-B3E2-4FE8-8FBB-4F0E8DA2F33C}.DebugP8|ARM.ActiveCfg = DebugP8|ARM
		{7D13C72C-B3E2-4FE8-8FBB-4F0E8DA2F33C}.DebugP8|ARM.Build.0 = DebugP8|ARM
		{7D13C72C-B3E2-4FE8-8FBB-4F0E8DA2F33C}.DebugP8|Win32.ActiveCfg = DebugP8|Win32
		{7D13C72C-B3E2-4FE8-8FBB-4F0E8DA2F33C}.DebugP8|Win32.Build.0 = DebugP8|Win32
		{7D13C72C-B3E2-4FE8-8FBB-4F0E8DA2F33C}.Release|ARM.ActiveCfg = Release|ARM
		{7D13C72C-B3E2-4FE8-8FBB-4F0E8DA2F33C}.Release|ARM.Build.0 = Release|ARM
		{7D13C72C-B3E2-4FE8-8FBB-4F0E8DA2F33C}.Release|Win32.ActiveCfg = Release|Win32
		{7D13C72C-B3E2-4FE8-8FBB-4F0E8DA2F33C}.Release|Win32.Build.0 = Release|Win32
		{7D13C72C-B3E2-4FE8-8FBB-4F0E8DA2F33C}.ReleaseP8|ARM.ActiveCfg = ReleaseP8|ARM
		{7D13C72C-B3E2-4FE8-8FBB-4F0E8DA2F33C}.ReleaseP8|ARM.Build.0 = ReleaseP8|ARM
		{7D13C72C-B3E2-4FE8-8FBB-4F0E8DA2F33C}.ReleaseP8|Win32.ActiveCfg = ReleaseP8|Win32
		{7D13C72C-B3E2-4FE8-8FBB-4F0E8DA2F33C}.ReleaseP8|Win32.Build.0 = ReleaseP8|Win32
		{E4D373BF-E227-48B9-99E6-84987E8674EC}.Debug|ARM.ActiveCfg = Debug|ARM
		{E4D373BF-E227-48B9-99E6-84987E8674EC}.Debug|ARM.Build.0 = Debug|ARM
		{E4D373BF-E227-48B9-99E6-84987E8674EC}.Debug|Win32.ActiveCfg = Debug|Win32
		{E4D373BF-E227-48B9-99E6-84987E8674EC}.Debug|Win32.Build.0 = Debug|Win32
		{E4D373BF-E227-48B9-99E6-84987E8674EC}.DebugP8|ARM.ActiveCfg = DebugP8|ARM
		{E4D373BF-E227-48B9-99E6-84987E8674EC}.DebugP8|ARM.Build.0 = DebugP8|ARM
		{E4D373BF-E227-48B9-99E6-84987E8674EC}.DebugP8|Win32.ActiveCfg = DebugP8|Win32
		{E4D373BF-E227-48B9-99E6-84987E8674EC}.DebugP8|Win32.Build.0 = DebugP8|Win32
		{E4D373BF-E227-48B9-99E6-84987E8674EC}.Release|ARM.ActiveCfg = Release|ARM
		{E4D373BF-E227-48B9-99E6-84987E8674EC}.Release|ARM.Build.0 = Release|ARM
		{E4D373BF-E227-48B9-99E6-84987E8674EC}.Release|Win32.ActiveCfg = Release|Win32
		{E4D373BF-E227-48B9-99E6-84987E8674EC}.Release|Win32.Build.0 = Release|Win32
		{E4D373BF-E227-48B9-99E6-84987E8674EC}.ReleaseP8|ARM.ActiveCfg = ReleaseP8|ARM
		{E4D373BF-E227-48B9-99E6-84987E8674EC}.ReleaseP8|ARM.Build.0 = ReleaseP8|ARM
		{E4D373BF-E227-48B9-99E6-84987E8674EC}.ReleaseP8|Win32.ActiveCfg = ReleaseP8|Win32
		{E4D373BF-E227-48B9-99E6-84987E8674EC}.ReleaseP8|Win32.Build.0 = ReleaseP8|Win32
		{8ED4EDB5-7C0E-411F-BCC6-E96882CC73F3}.Debug|ARM.ActiveCfg = Debug|ARM
		{8ED4EDB5-7C0E-411F-BCC6-E96882CC73F3}.Debug|ARM.Build.0 = Debug|ARM
		{8ED4EDB5-7C0E-411F-BCC6-E96882CC73F3}.Debug|ARM.Deploy.0 = Debug|ARM
		{8ED4EDB5-7C0E-411F-BCC6-E96882CC73F3}.Debug|Win32.ActiveCfg = Debug|Win32
		{8ED4EDB5-7C0E-411F-BCC6-E96882CC73F3}.Debug|Win32.Build.0 = Debug|Win32
		{8ED4EDB5-7C0E-411F-BCC6-E96882CC73F3}.Debug|Win32.Deploy.0 = Debug|Win32
		{8ED4EDB5-7C0E-411F-BCC6-E96882CC73F3}.DebugP8|ARM.ActiveCfg = DebugP8|ARM
		{8ED4EDB5-7C0E-411F-BCC6-E96882CC73F3}.DebugP8|ARM.Build.0 = DebugP8|ARM
		{8ED4EDB5-7C0E-411F-BCC6-E96882CC73F3}.DebugP8|ARM.Deploy.0 = DebugP8|ARM
		{8ED4EDB5-7C0E-411F-BCC6-E96882CC73F3}.DebugP8|Win32.ActiveCfg = DebugP8|Win32
		{8ED4EDB5-7C0E-411F-BCC6-E96882CC73F3}.DebugP8|Win32.Build.0 = DebugP8|Win32
		{8ED4EDB5-7C0E-411F-BCC6-E96882CC73F3}.DebugP8|Win32.Deploy.0 = DebugP8|Win32
		{8ED4EDB5-7C0E-411F-BCC6-E96882CC73F3}.Release|ARM.ActiveCfg = Release|ARM
		{8ED4EDB5-7C0E-411F-BCC6-E96882CC73F3}.Release|ARM.Build.0 = Release|ARM
		{8ED4EDB5-7C0E-411F-BCC6-E96882CC73F3}.Release|ARM.Deploy.0 = Release|ARM
		{8ED4EDB5-7C0E-411F-BCC6-E96882CC73F3}.Release|Win32.ActiveCfg = Release|Win32
		{8ED4EDB5-7C0E-411F-BCC6-E96882CC73F3}.Release|Win32.Build.0 = Release|Win32
		{8ED4EDB5-7C0E-411F-BCC6-E96882CC73F3}.Release|Win32.Deploy.0 = Release|Win32
		{8ED4EDB5-7C0E-411F-BCC6-E96882CC73F3}.ReleaseP8|ARM.ActiveCfg = ReleaseP8|ARM
		{8ED4EDB5-7C0E-411F-BCC6-E96882CC73F3}.ReleaseP8|ARM.Build.0 = ReleaseP8|ARM
		{8ED4EDB5-7C0E-411F-BCC6-E96882CC73F3}.ReleaseP8|ARM.Deploy.0 = ReleaseP8|ARM
		{8ED4EDB5-7C0E-411F-BCC6-E96882CC73F3}.ReleaseP8|Win32.ActiveCfg = ReleaseP8|Win32
		{8ED4EDB5-7C0E-411F-BCC6-E96882CC73F3}.ReleaseP8|Win32.Build.0 = ReleaseP8|Win32
		{8ED4EDB5-7C0E-411F-BCC6-E96882CC73F3}.ReleaseP8|Win32.Deploy.0 = ReleaseP8|Win32
	EndGlobalSection
	GlobalSection(SolutionProperties) = preSolution
		HideSolutionNode = FALSE
	EndGlobalSection
EndGlobal
