<?xml version="1.0" encoding="utf-8"?>
<Project ToolsVersion="12.0" xmlns="http://schemas.microsoft.com/developer/msbuild/2003">
  <ItemGroup>
    <Filter Include="Source Files">
      <UniqueIdentifier>{4FC737F1-C7A5-4376-A066-2A32D752A2FF}</UniqueIdentifier>
      <Extensions>cpp;c;cc;cxx;def;odl;idl;hpj;bat;asm;asmx</Extensions>
    </Filter>
    <Filter Include="winrt">
      <UniqueIdentifier>{f0ae1058-a500-44e2-8f2a-326b57b71662}</UniqueIdentifier>
    </Filter>
    <Filter Include="winrt\media">
      <UniqueIdentifier>{df25b4c6-d8ac-462d-b490-c614f00bcfbf}</UniqueIdentifier>
    </Filter>
    <Filter Include="winrt\media\assets">
      <UniqueIdentifier>{88ab3f03-5374-4194-8762-3355cfa6d25a}</UniqueIdentifier>
    </Filter>
    <Filter Include="winrt\media\assets\Logo">
      <UniqueIdentifier>{df6315b6-fa7d-4aef-a55d-0ab1d950dd04}</UniqueIdentifier>
    </Filter>
    <Filter Include="winrt\media\assets\WideLogo">
      <UniqueIdentifier>{b13550d9-3dd8-4b26-9a29-a90d31b7897d}</UniqueIdentifier>
    </Filter>
    <Filter Include="winrt\media\assets\LogoBig">
      <UniqueIdentifier>{9d3df410-95d1-4b13-9b64-57ae49abc4fc}</UniqueIdentifier>
    </Filter>
    <Filter Include="winrt\media\assets\Splash">
      <UniqueIdentifier>{407d8cef-d128-4e2b-a1d5-a3b51a7ea90b}</UniqueIdentifier>
    </Filter>
    <Filter Include="winrt\media\assets\StoreLogo">
      <UniqueIdentifier>{9ce80e43-8189-444c-bbbf-4296f5fe4aee}</UniqueIdentifier>
    </Filter>
    <Filter Include="winrt\media\assets\LogoSmall">
      <UniqueIdentifier>{2645cea4-b2ec-4d82-837b-d791a7a45482}</UniqueIdentifier>
    </Filter>
    <Filter Include="winrt\media\assets\LogoTiny">
      <UniqueIdentifier>{025f072d-66d5-4e92-878f-268be7554ecf}</UniqueIdentifier>
    </Filter>
  </ItemGroup>
  <ItemGroup>
    <ClCompile Include="..\..\demos\demo_simple\demo_simple.cpp">
      <Filter>Source Files</Filter>
    </ClCompile>
  </ItemGroup>
  <ItemGroup>
    <Image Include="media\assets\Logo.scale-80.png">
      <Filter>winrt\media\assets\Logo</Filter>
    </Image>
    <Image Include="media\assets\Logo.scale-100.png">
      <Filter>winrt\media\assets\Logo</Filter>
    </Image>
    <Image Include="media\assets\Logo.scale-140.png">
      <Filter>winrt\media\assets\Logo</Filter>
    </Image>
    <Image Include="media\assets\Logo.scale-180.png">
      <Filter>winrt\media\assets\Logo</Filter>
    </Image>
    <Image Include="media\assets\WideLogo.scale-80.png">
      <Filter>winrt\media\assets\WideLogo</Filter>
    </Image>
    <Image Include="media\assets\WideLogo.scale-100.png">
      <Filter>winrt\media\assets\WideLogo</Filter>
    </Image>
    <Image Include="media\assets\WideLogo.scale-140.png">
      <Filter>winrt\media\assets\WideLogo</Filter>
    </Image>
    <Image Include="media\assets\WideLogo.scale-180.png">
      <Filter>winrt\media\assets\WideLogo</Filter>
    </Image>
    <Image Include="media\assets\LogoBig.scale-80.png">
      <Filter>winrt\media\assets\LogoBig</Filter>
    </Image>
    <Image Include="media\assets\LogoBig.scale-100.png">
      <Filter>winrt\media\assets\LogoBig</Filter>
    </Image>
    <Image Include="media\assets\LogoBig.scale-140.png">
      <Filter>winrt\media\assets\LogoBig</Filter>
    </Image>
    <Image Include="media\assets\LogoBig.scale-180.png">
      <Filter>winrt\media\assets\LogoBig</Filter>
    </Image>
    <Image Include="media\assets\Splash.scale-100.png">
      <Filter>winrt\media\assets\Splash</Filter>
    </Image>
    <Image Include="media\assets\Splash.scale-140.png">
      <Filter>winrt\media\assets\Splash</Filter>
    </Image>
    <Image Include="media\assets\Splash.scale-180.png">
      <Filter>winrt\media\assets\Splash</Filter>
    </Image>
    <Image Include="media\assets\StoreLogo.scale-100.png">
      <Filter>winrt\media\assets\StoreLogo</Filter>
    </Image>
    <Image Include="media\assets\StoreLogo.scale-140.png">
      <Filter>winrt\media\assets\StoreLogo</Filter>
    </Image>
    <Image Include="media\assets\StoreLogo.scale-180.png">
      <Filter>winrt\media\assets\StoreLogo</Filter>
    </Image>
    <Image Include="media\assets\LogoSmall.scale-80.png">
      <Filter>winrt\media\assets\LogoSmall</Filter>
    </Image>
    <Image Include="media\assets\LogoSmall.scale-100.png">
      <Filter>winrt\media\assets\LogoSmall</Filter>
    </Image>
    <Image Include="media\assets\LogoSmall.scale-140.png">
      <Filter>winrt\media\assets\LogoSmall</Filter>
    </Image>
    <Image Include="media\assets\LogoSmall.scale-180.png">
      <Filter>winrt\media\assets\LogoSmall</Filter>
    </Image>
    <Image Include="media\assets\LogoTiny.scale-80.png">
      <Filter>winrt\media\assets\LogoTiny</Filter>
    </Image>
    <Image Include="media\assets\LogoTiny.scale-100.png">
      <Filter>winrt\media\assets\LogoTiny</Filter>
    </Image>
    <Image Include="media\assets\LogoTiny.scale-140.png">
      <Filter>winrt\media\assets\LogoTiny</Filter>
    </Image>
    <Image Include="media\assets\LogoTiny.scale-180.png">
      <Filter>winrt\media\assets\LogoTiny</Filter>
    </Image>
    <Image Include="media\assets\LogoTiny.targetsize-16.png">
      <Filter>winrt\media\assets\LogoTiny</Filter>
    </Image>
    <Image Include="media\assets\LogoTiny.targetsize-32.png">
      <Filter>winrt\media\assets\LogoTiny</Filter>
    </Image>
    <Image Include="media\assets\LogoTiny.targetsize-48.png">
      <Filter>winrt\media\assets\LogoTiny</Filter>
    </Image>
    <Image Include="media\assets\LogoTiny.targetsize-256.png">
      <Filter>winrt\media\assets\LogoTiny</Filter>
    </Image>
  </ItemGroup>
  <ItemGroup>
    <None Include="..\..\demos\demo_simple\TemporaryKey.pfx">
      <Filter>winrt</Filter>
    </None>
  </ItemGroup>
  <ItemGroup>
    <AppxManifest Include="..\..\demos\demo_simple\Package.appxmanifest">
      <Filter>winrt</Filter>
    </AppxManifest>
  </ItemGroup>
</Project>