// !$*UTF8*$!
{
	archiveVersion = 1;
	classes = {
	};
	objectVersion = 46;
	objects = {

/* Begin PBXBuildFile section */
		A10A5829189992FF00C708FF /* Binder.h in Headers */ = {isa = PBXBuildFile; fileRef = A10A5822189992FF00C708FF /* Binder.h */; settings = {ATTRIBUTES = (Public, ); }; };
		A10A582A189992FF00C708FF /* BinderDelegate.h in Headers */ = {isa = PBXBuildFile; fileRef = A10A5823189992FF00C708FF /* BinderDelegate.h */; settings = {ATTRIBUTES = (Public, ); }; };
		A10A582B189992FF00C708FF /* Connector.h in Headers */ = {isa = PBXBuildFile; fileRef = A10A5824189992FF00C708FF /* Connector.h */; settings = {ATTRIBUTES = (Public, ); }; };
		A10A582C189992FF00C708FF /* ConnectorDelegate.h in Headers */ = {isa = PBXBuildFile; fileRef = A10A5825189992FF00C708FF /* ConnectorDelegate.h */; settings = {ATTRIBUTES = (Public, ); }; };
		A10A582D189992FF00C708FF /* State.h in Headers */ = {isa = PBXBuildFile; fileRef = A10A5826189992FF00C708FF /* State.h */; settings = {ATTRIBUTES = (Public, ); }; };
		A10A582E189992FF00C708FF /* TcpSocketDelegate.h in Headers */ = {isa = PBXBuildFile; fileRef = A10A5827189992FF00C708FF /* TcpSocketDelegate.h */; settings = {ATTRIBUTES = (Public, ); }; };
		A10A582F189992FF00C708FF /* UdpSocketDelegate.h in Headers */ = {isa = PBXBuildFile; fileRef = A10A5828189992FF00C708FF /* UdpSocketDelegate.h */; settings = {ATTRIBUTES = (Public, ); }; };
		A10A583E1899934200C708FF /* Binder.cpp in Sources */ = {isa = PBXBuildFile; fileRef = A10A58301899934200C708FF /* Binder.cpp */; };
		A10A583F1899934200C708FF /* Binder.cpp in Sources */ = {isa = PBXBuildFile; fileRef = A10A58301899934200C708FF /* Binder.cpp */; };
		A10A58401899934200C708FF /* BinderDelegate.cpp in Sources */ = {isa = PBXBuildFile; fileRef = A10A58311899934200C708FF /* BinderDelegate.cpp */; };
		A10A58411899934200C708FF /* BinderDelegate.cpp in Sources */ = {isa = PBXBuildFile; fileRef = A10A58311899934200C708FF /* BinderDelegate.cpp */; };
		A10A58421899934200C708FF /* BinderThread.cpp in Sources */ = {isa = PBXBuildFile; fileRef = A10A58321899934200C708FF /* BinderThread.cpp */; };
		A10A58431899934200C708FF /* BinderThread.cpp in Sources */ = {isa = PBXBuildFile; fileRef = A10A58321899934200C708FF /* BinderThread.cpp */; };
		A10A58441899934200C708FF /* BinderThread.h in Headers */ = {isa = PBXBuildFile; fileRef = A10A58331899934200C708FF /* BinderThread.h */; };
		A10A58451899934200C708FF /* BinderThread.h in Headers */ = {isa = PBXBuildFile; fileRef = A10A58331899934200C708FF /* BinderThread.h */; };
		A10A58461899934200C708FF /* Connector.cpp in Sources */ = {isa = PBXBuildFile; fileRef = A10A58341899934200C708FF /* Connector.cpp */; };
		A10A58471899934200C708FF /* Connector.cpp in Sources */ = {isa = PBXBuildFile; fileRef = A10A58341899934200C708FF /* Connector.cpp */; };
		A10A58481899934200C708FF /* ConnectorDelegate.cpp in Sources */ = {isa = PBXBuildFile; fileRef = A10A58351899934200C708FF /* ConnectorDelegate.cpp */; };
		A10A58491899934200C708FF /* ConnectorDelegate.cpp in Sources */ = {isa = PBXBuildFile; fileRef = A10A58351899934200C708FF /* ConnectorDelegate.cpp */; };
		A10A584A1899934200C708FF /* sakitUtil.cpp in Sources */ = {isa = PBXBuildFile; fileRef = A10A58361899934200C708FF /* sakitUtil.cpp */; };
		A10A584B1899934200C708FF /* sakitUtil.cpp in Sources */ = {isa = PBXBuildFile; fileRef = A10A58361899934200C708FF /* sakitUtil.cpp */; };
		A10A584C1899934200C708FF /* sakitUtil.h in Headers */ = {isa = PBXBuildFile; fileRef = A10A58371899934200C708FF /* sakitUtil.h */; };
		A10A584D1899934200C708FF /* sakitUtil.h in Headers */ = {isa = PBXBuildFile; fileRef = A10A58371899934200C708FF /* sakitUtil.h */; };
		A10A584E1899934200C708FF /* TcpReceiverThread.cpp in Sources */ = {isa = PBXBuildFile; fileRef = A10A58381899934200C708FF /* TcpReceiverThread.cpp */; };
		A10A584F1899934200C708FF /* TcpReceiverThread.cpp in Sources */ = {isa = PBXBuildFile; fileRef = A10A58381899934200C708FF /* TcpReceiverThread.cpp */; };
		A10A58501899934200C708FF /* TcpReceiverThread.h in Headers */ = {isa = PBXBuildFile; fileRef = A10A58391899934200C708FF /* TcpReceiverThread.h */; };
		A10A58511899934200C708FF /* TcpReceiverThread.h in Headers */ = {isa = PBXBuildFile; fileRef = A10A58391899934200C708FF /* TcpReceiverThread.h */; };
		A10A58521899934200C708FF /* TcpSocketDelegate.cpp in Sources */ = {isa = PBXBuildFile; fileRef = A10A583A1899934200C708FF /* TcpSocketDelegate.cpp */; };
		A10A58531899934200C708FF /* TcpSocketDelegate.cpp in Sources */ = {isa = PBXBuildFile; fileRef = A10A583A1899934200C708FF /* TcpSocketDelegate.cpp */; };
		A10A58541899934200C708FF /* UdpReceiverThread.cpp in Sources */ = {isa = PBXBuildFile; fileRef = A10A583B1899934200C708FF /* UdpReceiverThread.cpp */; };
		A10A58551899934200C708FF /* UdpReceiverThread.cpp in Sources */ = {isa = PBXBuildFile; fileRef = A10A583B1899934200C708FF /* UdpReceiverThread.cpp */; };
		A10A58561899934200C708FF /* UdpReceiverThread.h in Headers */ = {isa = PBXBuildFile; fileRef = A10A583C1899934200C708FF /* UdpReceiverThread.h */; };
		A10A58571899934200C708FF /* UdpReceiverThread.h in Headers */ = {isa = PBXBuildFile; fileRef = A10A583C1899934200C708FF /* UdpReceiverThread.h */; };
		A10A58581899934200C708FF /* UdpSocketDelegate.cpp in Sources */ = {isa = PBXBuildFile; fileRef = A10A583D1899934200C708FF /* UdpSocketDelegate.cpp */; };
		A10A58591899934200C708FF /* UdpSocketDelegate.cpp in Sources */ = {isa = PBXBuildFile; fileRef = A10A583D1899934200C708FF /* UdpSocketDelegate.cpp */; };
		A10A585A1899935A00C708FF /* Binder.cpp in Sources */ = {isa = PBXBuildFile; fileRef = A10A58301899934200C708FF /* Binder.cpp */; };
		A10A585B1899935A00C708FF /* BinderDelegate.cpp in Sources */ = {isa = PBXBuildFile; fileRef = A10A58311899934200C708FF /* BinderDelegate.cpp */; };
		A10A585C1899935A00C708FF /* BinderThread.cpp in Sources */ = {isa = PBXBuildFile; fileRef = A10A58321899934200C708FF /* BinderThread.cpp */; };
		A10A585D1899935A00C708FF /* BinderThread.h in Headers */ = {isa = PBXBuildFile; fileRef = A10A58331899934200C708FF /* BinderThread.h */; };
		A10A585E1899935A00C708FF /* Connector.cpp in Sources */ = {isa = PBXBuildFile; fileRef = A10A58341899934200C708FF /* Connector.cpp */; };
		A10A585F1899935A00C708FF /* ConnectorDelegate.cpp in Sources */ = {isa = PBXBuildFile; fileRef = A10A58351899934200C708FF /* ConnectorDelegate.cpp */; };
		A10A58601899935A00C708FF /* sakitUtil.cpp in Sources */ = {isa = PBXBuildFile; fileRef = A10A58361899934200C708FF /* sakitUtil.cpp */; };
		A10A58611899935A00C708FF /* sakitUtil.h in Headers */ = {isa = PBXBuildFile; fileRef = A10A58371899934200C708FF /* sakitUtil.h */; };
		A10A58621899935A00C708FF /* TcpReceiverThread.cpp in Sources */ = {isa = PBXBuildFile; fileRef = A10A58381899934200C708FF /* TcpReceiverThread.cpp */; };
		A10A58631899935A00C708FF /* TcpReceiverThread.h in Headers */ = {isa = PBXBuildFile; fileRef = A10A58391899934200C708FF /* TcpReceiverThread.h */; };
		A10A58641899935A00C708FF /* TcpSocketDelegate.cpp in Sources */ = {isa = PBXBuildFile; fileRef = A10A583A1899934200C708FF /* TcpSocketDelegate.cpp */; };
		A10A58651899935A00C708FF /* UdpReceiverThread.cpp in Sources */ = {isa = PBXBuildFile; fileRef = A10A583B1899934200C708FF /* UdpReceiverThread.cpp */; };
		A10A58661899935A00C708FF /* UdpReceiverThread.h in Headers */ = {isa = PBXBuildFile; fileRef = A10A583C1899934200C708FF /* UdpReceiverThread.h */; };
		A10A58671899935A00C708FF /* UdpSocketDelegate.cpp in Sources */ = {isa = PBXBuildFile; fileRef = A10A583D1899934200C708FF /* UdpSocketDelegate.cpp */; };
		A1773F8E18951E0C002810BD /* HttpResponse.h in Headers */ = {isa = PBXBuildFile; fileRef = A1773F8B18951E0C002810BD /* HttpResponse.h */; settings = {ATTRIBUTES = (Public, ); }; };
		A1773F8F18951E0C002810BD /* SocketBase.h in Headers */ = {isa = PBXBuildFile; fileRef = A1773F8C18951E0C002810BD /* SocketBase.h */; settings = {ATTRIBUTES = (Public, ); }; };
		A1773F9018951E0C002810BD /* Url.h in Headers */ = {isa = PBXBuildFile; fileRef = A1773F8D18951E0C002810BD /* Url.h */; settings = {ATTRIBUTES = (Public, ); }; };
		A1773F9618951E24002810BD /* HttpResponse.cpp in Sources */ = {isa = PBXBuildFile; fileRef = A1773F9118951E24002810BD /* HttpResponse.cpp */; };
		A1773F9718951E24002810BD /* HttpSocketThread.cpp in Sources */ = {isa = PBXBuildFile; fileRef = A1773F9218951E24002810BD /* HttpSocketThread.cpp */; };
		A1773F9818951E24002810BD /* HttpSocketThread.h in Headers */ = {isa = PBXBuildFile; fileRef = A1773F9318951E24002810BD /* HttpSocketThread.h */; };
		A1773F9918951E24002810BD /* SocketBase.cpp in Sources */ = {isa = PBXBuildFile; fileRef = A1773F9418951E24002810BD /* SocketBase.cpp */; };
		A1773F9A18951E24002810BD /* Url.cpp in Sources */ = {isa = PBXBuildFile; fileRef = A1773F9518951E24002810BD /* Url.cpp */; };
		A1FB2994189526B100F3E2F4 /* HttpResponse.cpp in Sources */ = {isa = PBXBuildFile; fileRef = A1773F9118951E24002810BD /* HttpResponse.cpp */; };
		A1FB2995189526B100F3E2F4 /* HttpSocketThread.cpp in Sources */ = {isa = PBXBuildFile; fileRef = A1773F9218951E24002810BD /* HttpSocketThread.cpp */; };
		A1FB2996189526B100F3E2F4 /* HttpSocketThread.h in Headers */ = {isa = PBXBuildFile; fileRef = A1773F9318951E24002810BD /* HttpSocketThread.h */; };
		A1FB2997189526B100F3E2F4 /* SocketBase.cpp in Sources */ = {isa = PBXBuildFile; fileRef = A1773F9418951E24002810BD /* SocketBase.cpp */; };
		A1FB2998189526B100F3E2F4 /* Url.cpp in Sources */ = {isa = PBXBuildFile; fileRef = A1773F9518951E24002810BD /* Url.cpp */; };
		A1FB2999189526B100F3E2F4 /* Base.cpp in Sources */ = {isa = PBXBuildFile; fileRef = D12D07181885656100B2A00C /* Base.cpp */; };
		A1FB299A189526B100F3E2F4 /* ConnectorThread.cpp in Sources */ = {isa = PBXBuildFile; fileRef = D12D07191885656100B2A00C /* ConnectorThread.cpp */; };
		A1FB299B189526B100F3E2F4 /* ConnectorThread.h in Headers */ = {isa = PBXBuildFile; fileRef = D12D071A1885656100B2A00C /* ConnectorThread.h */; };
		A1FB299C189526B100F3E2F4 /* Host.cpp in Sources */ = {isa = PBXBuildFile; fileRef = D12D071B1885656100B2A00C /* Host.cpp */; };
		A1FB299D189526B100F3E2F4 /* HttpSocket.cpp in Sources */ = {isa = PBXBuildFile; fileRef = D12D071C1885656100B2A00C /* HttpSocket.cpp */; };
		A1FB299E189526B100F3E2F4 /* HttpSocketDelegate.cpp in Sources */ = {isa = PBXBuildFile; fileRef = D12D071D1885656100B2A00C /* HttpSocketDelegate.cpp */; };
		A1FB299F189526B100F3E2F4 /* NetworkAdapter.cpp in Sources */ = {isa = PBXBuildFile; fileRef = D12D071E1885656100B2A00C /* NetworkAdapter.cpp */; };
		A1FB29A0189526B100F3E2F4 /* PlatformSocket_Sock.cpp in Sources */ = {isa = PBXBuildFile; fileRef = D12D071F1885656100B2A00C /* PlatformSocket_Sock.cpp */; };
		A1FB29A1189526B100F3E2F4 /* PlatformSocket_WinRT.cpp in Sources */ = {isa = PBXBuildFile; fileRef = D12D07201885656100B2A00C /* PlatformSocket_WinRT.cpp */; };
		A1FB29A2189526B100F3E2F4 /* PlatformSocket.cpp in Sources */ = {isa = PBXBuildFile; fileRef = D12D07211885656100B2A00C /* PlatformSocket.cpp */; };
		A1FB29A3189526B100F3E2F4 /* PlatformSocket.h in Headers */ = {isa = PBXBuildFile; fileRef = D12D07221885656100B2A00C /* PlatformSocket.h */; };
		A1FB29A4189526B100F3E2F4 /* ReceiverThread.cpp in Sources */ = {isa = PBXBuildFile; fileRef = D12D07231885656100B2A00C /* ReceiverThread.cpp */; };
		A1FB29A5189526B100F3E2F4 /* ReceiverThread.h in Headers */ = {isa = PBXBuildFile; fileRef = D12D07241885656100B2A00C /* ReceiverThread.h */; };
		A1FB29A6189526B100F3E2F4 /* sakit.cpp in Sources */ = {isa = PBXBuildFile; fileRef = D12D07251885656100B2A00C /* sakit.cpp */; };
		A1FB29A7189526B100F3E2F4 /* SenderThread.cpp in Sources */ = {isa = PBXBuildFile; fileRef = D12D07261885656100B2A00C /* SenderThread.cpp */; };
		A1FB29A8189526B100F3E2F4 /* SenderThread.h in Headers */ = {isa = PBXBuildFile; fileRef = D12D07271885656100B2A00C /* SenderThread.h */; };
		A1FB29A9189526B100F3E2F4 /* Server.cpp in Sources */ = {isa = PBXBuildFile; fileRef = D12D07281885656100B2A00C /* Server.cpp */; };
		A1FB29AA189526B100F3E2F4 /* ServerDelegate.cpp in Sources */ = {isa = PBXBuildFile; fileRef = D12D07291885656100B2A00C /* ServerDelegate.cpp */; };
		A1FB29AD189526B100F3E2F4 /* Socket.cpp in Sources */ = {isa = PBXBuildFile; fileRef = D12D072C1885656100B2A00C /* Socket.cpp */; };
		A1FB29AE189526B100F3E2F4 /* SocketDelegate.cpp in Sources */ = {isa = PBXBuildFile; fileRef = D12D072D1885656100B2A00C /* SocketDelegate.cpp */; };
		A1FB29AF189526B100F3E2F4 /* TcpServer.cpp in Sources */ = {isa = PBXBuildFile; fileRef = D12D072E1885656100B2A00C /* TcpServer.cpp */; };
		A1FB29B0189526B100F3E2F4 /* TcpServerDelegate.cpp in Sources */ = {isa = PBXBuildFile; fileRef = D12D072F1885656100B2A00C /* TcpServerDelegate.cpp */; };
		A1FB29B1189526B100F3E2F4 /* TcpServerThread.cpp in Sources */ = {isa = PBXBuildFile; fileRef = D12D07301885656100B2A00C /* TcpServerThread.cpp */; };
		A1FB29B2189526B100F3E2F4 /* TcpServerThread.h in Headers */ = {isa = PBXBuildFile; fileRef = D12D07311885656100B2A00C /* TcpServerThread.h */; };
		A1FB29B3189526B100F3E2F4 /* TcpSocket.cpp in Sources */ = {isa = PBXBuildFile; fileRef = D12D07321885656100B2A00C /* TcpSocket.cpp */; };
		A1FB29B4189526B100F3E2F4 /* UdpServer.cpp in Sources */ = {isa = PBXBuildFile; fileRef = D12D07331885656100B2A00C /* UdpServer.cpp */; };
		A1FB29B5189526B100F3E2F4 /* UdpServerDelegate.cpp in Sources */ = {isa = PBXBuildFile; fileRef = D12D07341885656100B2A00C /* UdpServerDelegate.cpp */; };
		A1FB29B6189526B100F3E2F4 /* UdpServerThread.cpp in Sources */ = {isa = PBXBuildFile; fileRef = D12D07351885656100B2A00C /* UdpServerThread.cpp */; };
		A1FB29B7189526B100F3E2F4 /* UdpServerThread.h in Headers */ = {isa = PBXBuildFile; fileRef = D12D07361885656100B2A00C /* UdpServerThread.h */; };
		A1FB29B8189526B100F3E2F4 /* UdpSocket.cpp in Sources */ = {isa = PBXBuildFile; fileRef = D12D07371885656100B2A00C /* UdpSocket.cpp */; };
		A1FB29B9189526B100F3E2F4 /* WorkerThread.cpp in Sources */ = {isa = PBXBuildFile; fileRef = D12D07391885656100B2A00C /* WorkerThread.cpp */; };
		A1FB29BA189526B100F3E2F4 /* WorkerThread.h in Headers */ = {isa = PBXBuildFile; fileRef = D12D073A1885656100B2A00C /* WorkerThread.h */; };
		A1FB29C0189526B300F3E2F4 /* HttpResponse.cpp in Sources */ = {isa = PBXBuildFile; fileRef = A1773F9118951E24002810BD /* HttpResponse.cpp */; };
		A1FB29C1189526B300F3E2F4 /* HttpSocketThread.cpp in Sources */ = {isa = PBXBuildFile; fileRef = A1773F9218951E24002810BD /* HttpSocketThread.cpp */; };
		A1FB29C2189526B300F3E2F4 /* HttpSocketThread.h in Headers */ = {isa = PBXBuildFile; fileRef = A1773F9318951E24002810BD /* HttpSocketThread.h */; };
		A1FB29C3189526B300F3E2F4 /* SocketBase.cpp in Sources */ = {isa = PBXBuildFile; fileRef = A1773F9418951E24002810BD /* SocketBase.cpp */; };
		A1FB29C4189526B300F3E2F4 /* Url.cpp in Sources */ = {isa = PBXBuildFile; fileRef = A1773F9518951E24002810BD /* Url.cpp */; };
		A1FB29C5189526B300F3E2F4 /* Base.cpp in Sources */ = {isa = PBXBuildFile; fileRef = D12D07181885656100B2A00C /* Base.cpp */; };
		A1FB29C6189526B300F3E2F4 /* ConnectorThread.cpp in Sources */ = {isa = PBXBuildFile; fileRef = D12D07191885656100B2A00C /* ConnectorThread.cpp */; };
		A1FB29C7189526B300F3E2F4 /* ConnectorThread.h in Headers */ = {isa = PBXBuildFile; fileRef = D12D071A1885656100B2A00C /* ConnectorThread.h */; };
		A1FB29C8189526B300F3E2F4 /* Host.cpp in Sources */ = {isa = PBXBuildFile; fileRef = D12D071B1885656100B2A00C /* Host.cpp */; };
		A1FB29C9189526B300F3E2F4 /* HttpSocket.cpp in Sources */ = {isa = PBXBuildFile; fileRef = D12D071C1885656100B2A00C /* HttpSocket.cpp */; };
		A1FB29CA189526B300F3E2F4 /* HttpSocketDelegate.cpp in Sources */ = {isa = PBXBuildFile; fileRef = D12D071D1885656100B2A00C /* HttpSocketDelegate.cpp */; };
		A1FB29CB189526B300F3E2F4 /* NetworkAdapter.cpp in Sources */ = {isa = PBXBuildFile; fileRef = D12D071E1885656100B2A00C /* NetworkAdapter.cpp */; };
		A1FB29CC189526B300F3E2F4 /* PlatformSocket_Sock.cpp in Sources */ = {isa = PBXBuildFile; fileRef = D12D071F1885656100B2A00C /* PlatformSocket_Sock.cpp */; };
		A1FB29CD189526B300F3E2F4 /* PlatformSocket_WinRT.cpp in Sources */ = {isa = PBXBuildFile; fileRef = D12D07201885656100B2A00C /* PlatformSocket_WinRT.cpp */; };
		A1FB29CE189526B300F3E2F4 /* PlatformSocket.cpp in Sources */ = {isa = PBXBuildFile; fileRef = D12D07211885656100B2A00C /* PlatformSocket.cpp */; };
		A1FB29CF189526B300F3E2F4 /* PlatformSocket.h in Headers */ = {isa = PBXBuildFile; fileRef = D12D07221885656100B2A00C /* PlatformSocket.h */; };
		A1FB29D0189526B300F3E2F4 /* ReceiverThread.cpp in Sources */ = {isa = PBXBuildFile; fileRef = D12D07231885656100B2A00C /* ReceiverThread.cpp */; };
		A1FB29D1189526B300F3E2F4 /* ReceiverThread.h in Headers */ = {isa = PBXBuildFile; fileRef = D12D07241885656100B2A00C /* ReceiverThread.h */; };
		A1FB29D2189526B300F3E2F4 /* sakit.cpp in Sources */ = {isa = PBXBuildFile; fileRef = D12D07251885656100B2A00C /* sakit.cpp */; };
		A1FB29D3189526B300F3E2F4 /* SenderThread.cpp in Sources */ = {isa = PBXBuildFile; fileRef = D12D07261885656100B2A00C /* SenderThread.cpp */; };
		A1FB29D4189526B300F3E2F4 /* SenderThread.h in Headers */ = {isa = PBXBuildFile; fileRef = D12D07271885656100B2A00C /* SenderThread.h */; };
		A1FB29D5189526B300F3E2F4 /* Server.cpp in Sources */ = {isa = PBXBuildFile; fileRef = D12D07281885656100B2A00C /* Server.cpp */; };
		A1FB29D6189526B300F3E2F4 /* ServerDelegate.cpp in Sources */ = {isa = PBXBuildFile; fileRef = D12D07291885656100B2A00C /* ServerDelegate.cpp */; };
		A1FB29D9189526B300F3E2F4 /* Socket.cpp in Sources */ = {isa = PBXBuildFile; fileRef = D12D072C1885656100B2A00C /* Socket.cpp */; };
		A1FB29DA189526B300F3E2F4 /* SocketDelegate.cpp in Sources */ = {isa = PBXBuildFile; fileRef = D12D072D1885656100B2A00C /* SocketDelegate.cpp */; };
		A1FB29DB189526B300F3E2F4 /* TcpServer.cpp in Sources */ = {isa = PBXBuildFile; fileRef = D12D072E1885656100B2A00C /* TcpServer.cpp */; };
		A1FB29DC189526B300F3E2F4 /* TcpServerDelegate.cpp in Sources */ = {isa = PBXBuildFile; fileRef = D12D072F1885656100B2A00C /* TcpServerDelegate.cpp */; };
		A1FB29DD189526B300F3E2F4 /* TcpServerThread.cpp in Sources */ = {isa = PBXBuildFile; fileRef = D12D07301885656100B2A00C /* TcpServerThread.cpp */; };
		A1FB29DE189526B300F3E2F4 /* TcpServerThread.h in Headers */ = {isa = PBXBuildFile; fileRef = D12D07311885656100B2A00C /* TcpServerThread.h */; };
		A1FB29DF189526B300F3E2F4 /* TcpSocket.cpp in Sources */ = {isa = PBXBuildFile; fileRef = D12D07321885656100B2A00C /* TcpSocket.cpp */; };
		A1FB29E0189526B300F3E2F4 /* UdpServer.cpp in Sources */ = {isa = PBXBuildFile; fileRef = D12D07331885656100B2A00C /* UdpServer.cpp */; };
		A1FB29E1189526B300F3E2F4 /* UdpServerDelegate.cpp in Sources */ = {isa = PBXBuildFile; fileRef = D12D07341885656100B2A00C /* UdpServerDelegate.cpp */; };
		A1FB29E2189526B300F3E2F4 /* UdpServerThread.cpp in Sources */ = {isa = PBXBuildFile; fileRef = D12D07351885656100B2A00C /* UdpServerThread.cpp */; };
		A1FB29E3189526B300F3E2F4 /* UdpServerThread.h in Headers */ = {isa = PBXBuildFile; fileRef = D12D07361885656100B2A00C /* UdpServerThread.h */; };
		A1FB29E4189526B300F3E2F4 /* UdpSocket.cpp in Sources */ = {isa = PBXBuildFile; fileRef = D12D07371885656100B2A00C /* UdpSocket.cpp */; };
		A1FB29E5189526B300F3E2F4 /* WorkerThread.cpp in Sources */ = {isa = PBXBuildFile; fileRef = D12D07391885656100B2A00C /* WorkerThread.cpp */; };
		A1FB29E6189526B300F3E2F4 /* WorkerThread.h in Headers */ = {isa = PBXBuildFile; fileRef = D12D073A1885656100B2A00C /* WorkerThread.h */; };
		D11B18D318AE64C600C078BA /* hltypes.framework in Frameworks */ = {isa = PBXBuildFile; fileRef = D11B18D218AE64C600C078BA /* hltypes.framework */; };
		D12D07061885654B00B2A00C /* Base.h in Headers */ = {isa = PBXBuildFile; fileRef = D12D06F41885654B00B2A00C /* Base.h */; settings = {ATTRIBUTES = (Public, ); }; };
		D12D07071885654B00B2A00C /* Host.h in Headers */ = {isa = PBXBuildFile; fileRef = D12D06F51885654B00B2A00C /* Host.h */; settings = {ATTRIBUTES = (Public, ); }; };
		D12D07081885654B00B2A00C /* HttpSocket.h in Headers */ = {isa = PBXBuildFile; fileRef = D12D06F61885654B00B2A00C /* HttpSocket.h */; settings = {ATTRIBUTES = (Public, ); }; };
		D12D07091885654B00B2A00C /* HttpSocketDelegate.h in Headers */ = {isa = PBXBuildFile; fileRef = D12D06F71885654B00B2A00C /* HttpSocketDelegate.h */; settings = {ATTRIBUTES = (Public, ); }; };
		D12D070A1885654B00B2A00C /* NetworkAdapter.h in Headers */ = {isa = PBXBuildFile; fileRef = D12D06F81885654B00B2A00C /* NetworkAdapter.h */; settings = {ATTRIBUTES = (Public, ); }; };
		D12D070B1885654B00B2A00C /* sakit.h in Headers */ = {isa = PBXBuildFile; fileRef = D12D06F91885654B00B2A00C /* sakit.h */; settings = {ATTRIBUTES = (Public, ); }; };
		D12D070C1885654B00B2A00C /* sakitExport.h in Headers */ = {isa = PBXBuildFile; fileRef = D12D06FA1885654B00B2A00C /* sakitExport.h */; settings = {ATTRIBUTES = (Public, ); }; };
		D12D070D1885654B00B2A00C /* Server.h in Headers */ = {isa = PBXBuildFile; fileRef = D12D06FB1885654B00B2A00C /* Server.h */; settings = {ATTRIBUTES = (Public, ); }; };
		D12D070E1885654B00B2A00C /* ServerDelegate.h in Headers */ = {isa = PBXBuildFile; fileRef = D12D06FC1885654B00B2A00C /* ServerDelegate.h */; settings = {ATTRIBUTES = (Public, ); }; };
		D12D070F1885654B00B2A00C /* Socket.h in Headers */ = {isa = PBXBuildFile; fileRef = D12D06FD1885654B00B2A00C /* Socket.h */; settings = {ATTRIBUTES = (Public, ); }; };
		D12D07101885654B00B2A00C /* SocketDelegate.h in Headers */ = {isa = PBXBuildFile; fileRef = D12D06FE1885654B00B2A00C /* SocketDelegate.h */; settings = {ATTRIBUTES = (Public, ); }; };
		D12D07111885654B00B2A00C /* TcpServer.h in Headers */ = {isa = PBXBuildFile; fileRef = D12D06FF1885654B00B2A00C /* TcpServer.h */; settings = {ATTRIBUTES = (Public, ); }; };
		D12D07121885654B00B2A00C /* TcpServerDelegate.h in Headers */ = {isa = PBXBuildFile; fileRef = D12D07001885654B00B2A00C /* TcpServerDelegate.h */; settings = {ATTRIBUTES = (Public, ); }; };
		D12D07131885654B00B2A00C /* TcpSocket.h in Headers */ = {isa = PBXBuildFile; fileRef = D12D07011885654B00B2A00C /* TcpSocket.h */; settings = {ATTRIBUTES = (Public, ); }; };
		D12D07141885654B00B2A00C /* UdpServer.h in Headers */ = {isa = PBXBuildFile; fileRef = D12D07021885654B00B2A00C /* UdpServer.h */; settings = {ATTRIBUTES = (Public, ); }; };
		D12D07151885654B00B2A00C /* UdpServerDelegate.h in Headers */ = {isa = PBXBuildFile; fileRef = D12D07031885654B00B2A00C /* UdpServerDelegate.h */; settings = {ATTRIBUTES = (Public, ); }; };
		D12D07161885654B00B2A00C /* UdpSocket.h in Headers */ = {isa = PBXBuildFile; fileRef = D12D07041885654B00B2A00C /* UdpSocket.h */; settings = {ATTRIBUTES = (Public, ); }; };
		D12D073B1885656100B2A00C /* Base.cpp in Sources */ = {isa = PBXBuildFile; fileRef = D12D07181885656100B2A00C /* Base.cpp */; };
		D12D073E1885656100B2A00C /* ConnectorThread.cpp in Sources */ = {isa = PBXBuildFile; fileRef = D12D07191885656100B2A00C /* ConnectorThread.cpp */; };
		D12D07411885656100B2A00C /* ConnectorThread.h in Headers */ = {isa = PBXBuildFile; fileRef = D12D071A1885656100B2A00C /* ConnectorThread.h */; };
		D12D07441885656100B2A00C /* Host.cpp in Sources */ = {isa = PBXBuildFile; fileRef = D12D071B1885656100B2A00C /* Host.cpp */; };
		D12D07471885656100B2A00C /* HttpSocket.cpp in Sources */ = {isa = PBXBuildFile; fileRef = D12D071C1885656100B2A00C /* HttpSocket.cpp */; };
		D12D074A1885656100B2A00C /* HttpSocketDelegate.cpp in Sources */ = {isa = PBXBuildFile; fileRef = D12D071D1885656100B2A00C /* HttpSocketDelegate.cpp */; };
		D12D074D1885656100B2A00C /* NetworkAdapter.cpp in Sources */ = {isa = PBXBuildFile; fileRef = D12D071E1885656100B2A00C /* NetworkAdapter.cpp */; };
		D12D07501885656100B2A00C /* PlatformSocket_Sock.cpp in Sources */ = {isa = PBXBuildFile; fileRef = D12D071F1885656100B2A00C /* PlatformSocket_Sock.cpp */; };
		D12D07531885656100B2A00C /* PlatformSocket_WinRT.cpp in Sources */ = {isa = PBXBuildFile; fileRef = D12D07201885656100B2A00C /* PlatformSocket_WinRT.cpp */; };
		D12D07561885656100B2A00C /* PlatformSocket.cpp in Sources */ = {isa = PBXBuildFile; fileRef = D12D07211885656100B2A00C /* PlatformSocket.cpp */; };
		D12D07591885656100B2A00C /* PlatformSocket.h in Headers */ = {isa = PBXBuildFile; fileRef = D12D07221885656100B2A00C /* PlatformSocket.h */; };
		D12D075C1885656100B2A00C /* ReceiverThread.cpp in Sources */ = {isa = PBXBuildFile; fileRef = D12D07231885656100B2A00C /* ReceiverThread.cpp */; };
		D12D075F1885656100B2A00C /* ReceiverThread.h in Headers */ = {isa = PBXBuildFile; fileRef = D12D07241885656100B2A00C /* ReceiverThread.h */; };
		D12D07621885656100B2A00C /* sakit.cpp in Sources */ = {isa = PBXBuildFile; fileRef = D12D07251885656100B2A00C /* sakit.cpp */; };
		D12D07651885656100B2A00C /* SenderThread.cpp in Sources */ = {isa = PBXBuildFile; fileRef = D12D07261885656100B2A00C /* SenderThread.cpp */; };
		D12D07681885656100B2A00C /* SenderThread.h in Headers */ = {isa = PBXBuildFile; fileRef = D12D07271885656100B2A00C /* SenderThread.h */; };
		D12D076B1885656100B2A00C /* Server.cpp in Sources */ = {isa = PBXBuildFile; fileRef = D12D07281885656100B2A00C /* Server.cpp */; };
		D12D076E1885656100B2A00C /* ServerDelegate.cpp in Sources */ = {isa = PBXBuildFile; fileRef = D12D07291885656100B2A00C /* ServerDelegate.cpp */; };
		D12D07771885656100B2A00C /* Socket.cpp in Sources */ = {isa = PBXBuildFile; fileRef = D12D072C1885656100B2A00C /* Socket.cpp */; };
		D12D077A1885656100B2A00C /* SocketDelegate.cpp in Sources */ = {isa = PBXBuildFile; fileRef = D12D072D1885656100B2A00C /* SocketDelegate.cpp */; };
		D12D077D1885656100B2A00C /* TcpServer.cpp in Sources */ = {isa = PBXBuildFile; fileRef = D12D072E1885656100B2A00C /* TcpServer.cpp */; };
		D12D07801885656100B2A00C /* TcpServerDelegate.cpp in Sources */ = {isa = PBXBuildFile; fileRef = D12D072F1885656100B2A00C /* TcpServerDelegate.cpp */; };
		D12D07831885656100B2A00C /* TcpServerThread.cpp in Sources */ = {isa = PBXBuildFile; fileRef = D12D07301885656100B2A00C /* TcpServerThread.cpp */; };
		D12D07861885656100B2A00C /* TcpServerThread.h in Headers */ = {isa = PBXBuildFile; fileRef = D12D07311885656100B2A00C /* TcpServerThread.h */; };
		D12D07891885656100B2A00C /* TcpSocket.cpp in Sources */ = {isa = PBXBuildFile; fileRef = D12D07321885656100B2A00C /* TcpSocket.cpp */; };
		D12D078C1885656100B2A00C /* UdpServer.cpp in Sources */ = {isa = PBXBuildFile; fileRef = D12D07331885656100B2A00C /* UdpServer.cpp */; };
		D12D078F1885656100B2A00C /* UdpServerDelegate.cpp in Sources */ = {isa = PBXBuildFile; fileRef = D12D07341885656100B2A00C /* UdpServerDelegate.cpp */; };
		D12D07921885656100B2A00C /* UdpServerThread.cpp in Sources */ = {isa = PBXBuildFile; fileRef = D12D07351885656100B2A00C /* UdpServerThread.cpp */; };
		D12D07951885656100B2A00C /* UdpServerThread.h in Headers */ = {isa = PBXBuildFile; fileRef = D12D07361885656100B2A00C /* UdpServerThread.h */; };
		D12D07981885656100B2A00C /* UdpSocket.cpp in Sources */ = {isa = PBXBuildFile; fileRef = D12D07371885656100B2A00C /* UdpSocket.cpp */; };
		D12D079E1885656100B2A00C /* WorkerThread.cpp in Sources */ = {isa = PBXBuildFile; fileRef = D12D07391885656100B2A00C /* WorkerThread.cpp */; };
		D12D07A11885656100B2A00C /* WorkerThread.h in Headers */ = {isa = PBXBuildFile; fileRef = D12D073A1885656100B2A00C /* WorkerThread.h */; };
		D132521B189BBA8300847DE1 /* BroadcasterThread.cpp in Sources */ = {isa = PBXBuildFile; fileRef = D1325219189BBA8300847DE1 /* BroadcasterThread.cpp */; };
		D132521C189BBA8300847DE1 /* BroadcasterThread.cpp in Sources */ = {isa = PBXBuildFile; fileRef = D1325219189BBA8300847DE1 /* BroadcasterThread.cpp */; };
		D132521D189BBA8300847DE1 /* BroadcasterThread.cpp in Sources */ = {isa = PBXBuildFile; fileRef = D1325219189BBA8300847DE1 /* BroadcasterThread.cpp */; };
		D132521E189BBA8300847DE1 /* BroadcasterThread.h in Headers */ = {isa = PBXBuildFile; fileRef = D132521A189BBA8300847DE1 /* BroadcasterThread.h */; };
		D132521F189BBA8300847DE1 /* BroadcasterThread.h in Headers */ = {isa = PBXBuildFile; fileRef = D132521A189BBA8300847DE1 /* BroadcasterThread.h */; };
		D1325220189BBA8300847DE1 /* BroadcasterThread.h in Headers */ = {isa = PBXBuildFile; fileRef = D132521A189BBA8300847DE1 /* BroadcasterThread.h */; };
		D1325262189BC35F00847DE1 /* demo_simple.cpp in Sources */ = {isa = PBXBuildFile; fileRef = D1325261189BC35F00847DE1 /* demo_simple.cpp */; };
		D176BC721BC8FE1B00C98D34 /* libsakit.a in Frameworks */ = {isa = PBXBuildFile; fileRef = D1F27A89177A2CB600E5C131 /* libsakit.a */; };
		D176BC741BC8FE2100C98D34 /* libhltypes.a in Frameworks */ = {isa = PBXBuildFile; fileRef = D176BC731BC8FE2100C98D34 /* libhltypes.a */; };
		D1E5A84A18AE06B50052FD92 /* TimedThread.cpp in Sources */ = {isa = PBXBuildFile; fileRef = D1E5A84818AE06B50052FD92 /* TimedThread.cpp */; };
		D1E5A84B18AE06B50052FD92 /* TimedThread.cpp in Sources */ = {isa = PBXBuildFile; fileRef = D1E5A84818AE06B50052FD92 /* TimedThread.cpp */; };
		D1E5A84C18AE06B50052FD92 /* TimedThread.cpp in Sources */ = {isa = PBXBuildFile; fileRef = D1E5A84818AE06B50052FD92 /* TimedThread.cpp */; };
		D1E5A84D18AE06B50052FD92 /* TimedThread.h in Headers */ = {isa = PBXBuildFile; fileRef = D1E5A84918AE06B50052FD92 /* TimedThread.h */; };
		D1E5A84E18AE06B50052FD92 /* TimedThread.h in Headers */ = {isa = PBXBuildFile; fileRef = D1E5A84918AE06B50052FD92 /* TimedThread.h */; };
		D1E5A84F18AE06B50052FD92 /* TimedThread.h in Headers */ = {isa = PBXBuildFile; fileRef = D1E5A84918AE06B50052FD92 /* TimedThread.h */; };
/* End PBXBuildFile section */

/* Begin PBXContainerItemProxy section */
		D1325263189BC36600847DE1 /* PBXContainerItemProxy */ = {
			isa = PBXContainerItemProxy;
			containerPortal = 0867D690FE84028FC02AAC07 /* Project object */;
			proxyType = 1;
			remoteGlobalIDString = D1F27A77177A2CB600E5C131;
			remoteInfo = "sakit (Mac)";
		};
/* End PBXContainerItemProxy section */

/* Begin PBXCopyFilesBuildPhase section */
		D1325254189BC33C00847DE1 /* CopyFiles */ = {
			isa = PBXCopyFilesBuildPhase;
			buildActionMask = 2147483647;
			dstPath = /usr/share/man/man1/;
			dstSubfolderSpec = 0;
			files = (
			);
			runOnlyForDeploymentPostprocessing = 1;
		};
/* End PBXCopyFilesBuildPhase section */

/* Begin PBXFileReference section */
		8DC2EF5A0486A6940098B216 /* Info.plist */ = {isa = PBXFileReference; fileEncoding = 4; lastKnownFileType = text.plist.xml; path = Info.plist; sourceTree = "<group>"; };
		8DC2EF5B0486A6940098B216 /* sakit.framework */ = {isa = PBXFileReference; explicitFileType = wrapper.framework; includeInIndex = 0; path = sakit.framework; sourceTree = BUILT_PRODUCTS_DIR; };
		A10A5822189992FF00C708FF /* Binder.h */ = {isa = PBXFileReference; fileEncoding = 4; lastKnownFileType = sourcecode.c.h; name = Binder.h; path = include/sakit/Binder.h; sourceTree = "<group>"; };
		A10A5823189992FF00C708FF /* BinderDelegate.h */ = {isa = PBXFileReference; fileEncoding = 4; lastKnownFileType = sourcecode.c.h; name = BinderDelegate.h; path = include/sakit/BinderDelegate.h; sourceTree = "<group>"; };
		A10A5824189992FF00C708FF /* Connector.h */ = {isa = PBXFileReference; fileEncoding = 4; lastKnownFileType = sourcecode.c.h; name = Connector.h; path = include/sakit/Connector.h; sourceTree = "<group>"; };
		A10A5825189992FF00C708FF /* ConnectorDelegate.h */ = {isa = PBXFileReference; fileEncoding = 4; lastKnownFileType = sourcecode.c.h; name = ConnectorDelegate.h; path = include/sakit/ConnectorDelegate.h; sourceTree = "<group>"; };
		A10A5826189992FF00C708FF /* State.h */ = {isa = PBXFileReference; fileEncoding = 4; lastKnownFileType = sourcecode.c.h; name = State.h; path = include/sakit/State.h; sourceTree = "<group>"; };
		A10A5827189992FF00C708FF /* TcpSocketDelegate.h */ = {isa = PBXFileReference; fileEncoding = 4; lastKnownFileType = sourcecode.c.h; name = TcpSocketDelegate.h; path = include/sakit/TcpSocketDelegate.h; sourceTree = "<group>"; };
		A10A5828189992FF00C708FF /* UdpSocketDelegate.h */ = {isa = PBXFileReference; fileEncoding = 4; lastKnownFileType = sourcecode.c.h; name = UdpSocketDelegate.h; path = include/sakit/UdpSocketDelegate.h; sourceTree = "<group>"; };
		A10A58301899934200C708FF /* Binder.cpp */ = {isa = PBXFileReference; fileEncoding = 4; lastKnownFileType = sourcecode.cpp.cpp; name = Binder.cpp; path = src/Binder.cpp; sourceTree = "<group>"; };
		A10A58311899934200C708FF /* BinderDelegate.cpp */ = {isa = PBXFileReference; fileEncoding = 4; lastKnownFileType = sourcecode.cpp.cpp; name = BinderDelegate.cpp; path = src/BinderDelegate.cpp; sourceTree = "<group>"; };
		A10A58321899934200C708FF /* BinderThread.cpp */ = {isa = PBXFileReference; fileEncoding = 4; lastKnownFileType = sourcecode.cpp.cpp; name = BinderThread.cpp; path = src/BinderThread.cpp; sourceTree = "<group>"; };
		A10A58331899934200C708FF /* BinderThread.h */ = {isa = PBXFileReference; fileEncoding = 4; lastKnownFileType = sourcecode.c.h; name = BinderThread.h; path = src/BinderThread.h; sourceTree = "<group>"; };
		A10A58341899934200C708FF /* Connector.cpp */ = {isa = PBXFileReference; fileEncoding = 4; lastKnownFileType = sourcecode.cpp.cpp; name = Connector.cpp; path = src/Connector.cpp; sourceTree = "<group>"; };
		A10A58351899934200C708FF /* ConnectorDelegate.cpp */ = {isa = PBXFileReference; fileEncoding = 4; lastKnownFileType = sourcecode.cpp.cpp; name = ConnectorDelegate.cpp; path = src/ConnectorDelegate.cpp; sourceTree = "<group>"; };
		A10A58361899934200C708FF /* sakitUtil.cpp */ = {isa = PBXFileReference; fileEncoding = 4; lastKnownFileType = sourcecode.cpp.cpp; name = sakitUtil.cpp; path = src/sakitUtil.cpp; sourceTree = "<group>"; };
		A10A58371899934200C708FF /* sakitUtil.h */ = {isa = PBXFileReference; fileEncoding = 4; lastKnownFileType = sourcecode.c.h; name = sakitUtil.h; path = src/sakitUtil.h; sourceTree = "<group>"; };
		A10A58381899934200C708FF /* TcpReceiverThread.cpp */ = {isa = PBXFileReference; fileEncoding = 4; lastKnownFileType = sourcecode.cpp.cpp; name = TcpReceiverThread.cpp; path = src/TcpReceiverThread.cpp; sourceTree = "<group>"; };
		A10A58391899934200C708FF /* TcpReceiverThread.h */ = {isa = PBXFileReference; fileEncoding = 4; lastKnownFileType = sourcecode.c.h; name = TcpReceiverThread.h; path = src/TcpReceiverThread.h; sourceTree = "<group>"; };
		A10A583A1899934200C708FF /* TcpSocketDelegate.cpp */ = {isa = PBXFileReference; fileEncoding = 4; lastKnownFileType = sourcecode.cpp.cpp; name = TcpSocketDelegate.cpp; path = src/TcpSocketDelegate.cpp; sourceTree = "<group>"; };
		A10A583B1899934200C708FF /* UdpReceiverThread.cpp */ = {isa = PBXFileReference; fileEncoding = 4; lastKnownFileType = sourcecode.cpp.cpp; name = UdpReceiverThread.cpp; path = src/UdpReceiverThread.cpp; sourceTree = "<group>"; };
		A10A583C1899934200C708FF /* UdpReceiverThread.h */ = {isa = PBXFileReference; fileEncoding = 4; lastKnownFileType = sourcecode.c.h; name = UdpReceiverThread.h; path = src/UdpReceiverThread.h; sourceTree = "<group>"; };
		A10A583D1899934200C708FF /* UdpSocketDelegate.cpp */ = {isa = PBXFileReference; fileEncoding = 4; lastKnownFileType = sourcecode.cpp.cpp; name = UdpSocketDelegate.cpp; path = src/UdpSocketDelegate.cpp; sourceTree = "<group>"; };
		A1773F8B18951E0C002810BD /* HttpResponse.h */ = {isa = PBXFileReference; fileEncoding = 4; lastKnownFileType = sourcecode.c.h; name = HttpResponse.h; path = include/sakit/HttpResponse.h; sourceTree = "<group>"; };
		A1773F8C18951E0C002810BD /* SocketBase.h */ = {isa = PBXFileReference; fileEncoding = 4; lastKnownFileType = sourcecode.c.h; name = SocketBase.h; path = include/sakit/SocketBase.h; sourceTree = "<group>"; };
		A1773F8D18951E0C002810BD /* Url.h */ = {isa = PBXFileReference; fileEncoding = 4; lastKnownFileType = sourcecode.c.h; name = Url.h; path = include/sakit/Url.h; sourceTree = "<group>"; };
		A1773F9118951E24002810BD /* HttpResponse.cpp */ = {isa = PBXFileReference; fileEncoding = 4; lastKnownFileType = sourcecode.cpp.cpp; name = HttpResponse.cpp; path = src/HttpResponse.cpp; sourceTree = "<group>"; };
		A1773F9218951E24002810BD /* HttpSocketThread.cpp */ = {isa = PBXFileReference; fileEncoding = 4; lastKnownFileType = sourcecode.cpp.cpp; name = HttpSocketThread.cpp; path = src/HttpSocketThread.cpp; sourceTree = "<group>"; };
		A1773F9318951E24002810BD /* HttpSocketThread.h */ = {isa = PBXFileReference; fileEncoding = 4; lastKnownFileType = sourcecode.c.h; name = HttpSocketThread.h; path = src/HttpSocketThread.h; sourceTree = "<group>"; };
		A1773F9418951E24002810BD /* SocketBase.cpp */ = {isa = PBXFileReference; fileEncoding = 4; lastKnownFileType = sourcecode.cpp.cpp; name = SocketBase.cpp; path = src/SocketBase.cpp; sourceTree = "<group>"; };
		A1773F9518951E24002810BD /* Url.cpp */ = {isa = PBXFileReference; fileEncoding = 4; lastKnownFileType = sourcecode.cpp.cpp; name = Url.cpp; path = src/Url.cpp; sourceTree = "<group>"; };
		D11B18D218AE64C600C078BA /* hltypes.framework */ = {isa = PBXFileReference; lastKnownFileType = wrapper.framework; name = hltypes.framework; path = ../__build__/products/Debug/hltypes.framework; sourceTree = "<group>"; };
		D12D06F41885654B00B2A00C /* Base.h */ = {isa = PBXFileReference; fileEncoding = 4; lastKnownFileType = sourcecode.c.h; name = Base.h; path = include/sakit/Base.h; sourceTree = "<group>"; };
		D12D06F51885654B00B2A00C /* Host.h */ = {isa = PBXFileReference; fileEncoding = 4; lastKnownFileType = sourcecode.c.h; name = Host.h; path = include/sakit/Host.h; sourceTree = "<group>"; };
		D12D06F61885654B00B2A00C /* HttpSocket.h */ = {isa = PBXFileReference; fileEncoding = 4; lastKnownFileType = sourcecode.c.h; name = HttpSocket.h; path = include/sakit/HttpSocket.h; sourceTree = "<group>"; };
		D12D06F71885654B00B2A00C /* HttpSocketDelegate.h */ = {isa = PBXFileReference; fileEncoding = 4; lastKnownFileType = sourcecode.c.h; name = HttpSocketDelegate.h; path = include/sakit/HttpSocketDelegate.h; sourceTree = "<group>"; };
		D12D06F81885654B00B2A00C /* NetworkAdapter.h */ = {isa = PBXFileReference; fileEncoding = 4; lastKnownFileType = sourcecode.c.h; name = NetworkAdapter.h; path = include/sakit/NetworkAdapter.h; sourceTree = "<group>"; };
		D12D06F91885654B00B2A00C /* sakit.h */ = {isa = PBXFileReference; fileEncoding = 4; lastKnownFileType = sourcecode.c.h; name = sakit.h; path = include/sakit/sakit.h; sourceTree = "<group>"; };
		D12D06FA1885654B00B2A00C /* sakitExport.h */ = {isa = PBXFileReference; fileEncoding = 4; lastKnownFileType = sourcecode.c.h; name = sakitExport.h; path = include/sakit/sakitExport.h; sourceTree = "<group>"; };
		D12D06FB1885654B00B2A00C /* Server.h */ = {isa = PBXFileReference; fileEncoding = 4; lastKnownFileType = sourcecode.c.h; name = Server.h; path = include/sakit/Server.h; sourceTree = "<group>"; };
		D12D06FC1885654B00B2A00C /* ServerDelegate.h */ = {isa = PBXFileReference; fileEncoding = 4; lastKnownFileType = sourcecode.c.h; name = ServerDelegate.h; path = include/sakit/ServerDelegate.h; sourceTree = "<group>"; };
		D12D06FD1885654B00B2A00C /* Socket.h */ = {isa = PBXFileReference; fileEncoding = 4; lastKnownFileType = sourcecode.c.h; name = Socket.h; path = include/sakit/Socket.h; sourceTree = "<group>"; };
		D12D06FE1885654B00B2A00C /* SocketDelegate.h */ = {isa = PBXFileReference; fileEncoding = 4; lastKnownFileType = sourcecode.c.h; name = SocketDelegate.h; path = include/sakit/SocketDelegate.h; sourceTree = "<group>"; };
		D12D06FF1885654B00B2A00C /* TcpServer.h */ = {isa = PBXFileReference; fileEncoding = 4; lastKnownFileType = sourcecode.c.h; name = TcpServer.h; path = include/sakit/TcpServer.h; sourceTree = "<group>"; };
		D12D07001885654B00B2A00C /* TcpServerDelegate.h */ = {isa = PBXFileReference; fileEncoding = 4; lastKnownFileType = sourcecode.c.h; name = TcpServerDelegate.h; path = include/sakit/TcpServerDelegate.h; sourceTree = "<group>"; };
		D12D07011885654B00B2A00C /* TcpSocket.h */ = {isa = PBXFileReference; fileEncoding = 4; lastKnownFileType = sourcecode.c.h; name = TcpSocket.h; path = include/sakit/TcpSocket.h; sourceTree = "<group>"; };
		D12D07021885654B00B2A00C /* UdpServer.h */ = {isa = PBXFileReference; fileEncoding = 4; lastKnownFileType = sourcecode.c.h; name = UdpServer.h; path = include/sakit/UdpServer.h; sourceTree = "<group>"; };
		D12D07031885654B00B2A00C /* UdpServerDelegate.h */ = {isa = PBXFileReference; fileEncoding = 4; lastKnownFileType = sourcecode.c.h; name = UdpServerDelegate.h; path = include/sakit/UdpServerDelegate.h; sourceTree = "<group>"; };
		D12D07041885654B00B2A00C /* UdpSocket.h */ = {isa = PBXFileReference; fileEncoding = 4; lastKnownFileType = sourcecode.c.h; name = UdpSocket.h; path = include/sakit/UdpSocket.h; sourceTree = "<group>"; };
		D12D07181885656100B2A00C /* Base.cpp */ = {isa = PBXFileReference; fileEncoding = 4; lastKnownFileType = sourcecode.cpp.cpp; name = Base.cpp; path = src/Base.cpp; sourceTree = "<group>"; };
		D12D07191885656100B2A00C /* ConnectorThread.cpp */ = {isa = PBXFileReference; fileEncoding = 4; lastKnownFileType = sourcecode.cpp.cpp; name = ConnectorThread.cpp; path = src/ConnectorThread.cpp; sourceTree = "<group>"; };
		D12D071A1885656100B2A00C /* ConnectorThread.h */ = {isa = PBXFileReference; fileEncoding = 4; lastKnownFileType = sourcecode.c.h; name = ConnectorThread.h; path = src/ConnectorThread.h; sourceTree = "<group>"; };
		D12D071B1885656100B2A00C /* Host.cpp */ = {isa = PBXFileReference; fileEncoding = 4; lastKnownFileType = sourcecode.cpp.cpp; name = Host.cpp; path = src/Host.cpp; sourceTree = "<group>"; };
		D12D071C1885656100B2A00C /* HttpSocket.cpp */ = {isa = PBXFileReference; fileEncoding = 4; lastKnownFileType = sourcecode.cpp.cpp; name = HttpSocket.cpp; path = src/HttpSocket.cpp; sourceTree = "<group>"; };
		D12D071D1885656100B2A00C /* HttpSocketDelegate.cpp */ = {isa = PBXFileReference; fileEncoding = 4; lastKnownFileType = sourcecode.cpp.cpp; name = HttpSocketDelegate.cpp; path = src/HttpSocketDelegate.cpp; sourceTree = "<group>"; };
		D12D071E1885656100B2A00C /* NetworkAdapter.cpp */ = {isa = PBXFileReference; fileEncoding = 4; lastKnownFileType = sourcecode.cpp.cpp; name = NetworkAdapter.cpp; path = src/NetworkAdapter.cpp; sourceTree = "<group>"; };
		D12D071F1885656100B2A00C /* PlatformSocket_Sock.cpp */ = {isa = PBXFileReference; fileEncoding = 4; lastKnownFileType = sourcecode.cpp.cpp; name = PlatformSocket_Sock.cpp; path = src/PlatformSocket_Sock.cpp; sourceTree = "<group>"; };
		D12D07201885656100B2A00C /* PlatformSocket_WinRT.cpp */ = {isa = PBXFileReference; fileEncoding = 4; lastKnownFileType = sourcecode.cpp.cpp; name = PlatformSocket_WinRT.cpp; path = src/PlatformSocket_WinRT.cpp; sourceTree = "<group>"; };
		D12D07211885656100B2A00C /* PlatformSocket.cpp */ = {isa = PBXFileReference; fileEncoding = 4; lastKnownFileType = sourcecode.cpp.cpp; name = PlatformSocket.cpp; path = src/PlatformSocket.cpp; sourceTree = "<group>"; };
		D12D07221885656100B2A00C /* PlatformSocket.h */ = {isa = PBXFileReference; fileEncoding = 4; lastKnownFileType = sourcecode.c.h; name = PlatformSocket.h; path = src/PlatformSocket.h; sourceTree = "<group>"; };
		D12D07231885656100B2A00C /* ReceiverThread.cpp */ = {isa = PBXFileReference; fileEncoding = 4; lastKnownFileType = sourcecode.cpp.cpp; name = ReceiverThread.cpp; path = src/ReceiverThread.cpp; sourceTree = "<group>"; };
		D12D07241885656100B2A00C /* ReceiverThread.h */ = {isa = PBXFileReference; fileEncoding = 4; lastKnownFileType = sourcecode.c.h; name = ReceiverThread.h; path = src/ReceiverThread.h; sourceTree = "<group>"; };
		D12D07251885656100B2A00C /* sakit.cpp */ = {isa = PBXFileReference; fileEncoding = 4; lastKnownFileType = sourcecode.cpp.cpp; name = sakit.cpp; path = src/sakit.cpp; sourceTree = "<group>"; };
		D12D07261885656100B2A00C /* SenderThread.cpp */ = {isa = PBXFileReference; fileEncoding = 4; lastKnownFileType = sourcecode.cpp.cpp; name = SenderThread.cpp; path = src/SenderThread.cpp; sourceTree = "<group>"; };
		D12D07271885656100B2A00C /* SenderThread.h */ = {isa = PBXFileReference; fileEncoding = 4; lastKnownFileType = sourcecode.c.h; name = SenderThread.h; path = src/SenderThread.h; sourceTree = "<group>"; };
		D12D07281885656100B2A00C /* Server.cpp */ = {isa = PBXFileReference; fileEncoding = 4; lastKnownFileType = sourcecode.cpp.cpp; name = Server.cpp; path = src/Server.cpp; sourceTree = "<group>"; };
		D12D07291885656100B2A00C /* ServerDelegate.cpp */ = {isa = PBXFileReference; fileEncoding = 4; lastKnownFileType = sourcecode.cpp.cpp; name = ServerDelegate.cpp; path = src/ServerDelegate.cpp; sourceTree = "<group>"; };
		D12D072C1885656100B2A00C /* Socket.cpp */ = {isa = PBXFileReference; fileEncoding = 4; lastKnownFileType = sourcecode.cpp.cpp; name = Socket.cpp; path = src/Socket.cpp; sourceTree = "<group>"; };
		D12D072D1885656100B2A00C /* SocketDelegate.cpp */ = {isa = PBXFileReference; fileEncoding = 4; lastKnownFileType = sourcecode.cpp.cpp; name = SocketDelegate.cpp; path = src/SocketDelegate.cpp; sourceTree = "<group>"; };
		D12D072E1885656100B2A00C /* TcpServer.cpp */ = {isa = PBXFileReference; fileEncoding = 4; lastKnownFileType = sourcecode.cpp.cpp; name = TcpServer.cpp; path = src/TcpServer.cpp; sourceTree = "<group>"; };
		D12D072F1885656100B2A00C /* TcpServerDelegate.cpp */ = {isa = PBXFileReference; fileEncoding = 4; lastKnownFileType = sourcecode.cpp.cpp; name = TcpServerDelegate.cpp; path = src/TcpServerDelegate.cpp; sourceTree = "<group>"; };
		D12D07301885656100B2A00C /* TcpServerThread.cpp */ = {isa = PBXFileReference; fileEncoding = 4; lastKnownFileType = sourcecode.cpp.cpp; name = TcpServerThread.cpp; path = src/TcpServerThread.cpp; sourceTree = "<group>"; };
		D12D07311885656100B2A00C /* TcpServerThread.h */ = {isa = PBXFileReference; fileEncoding = 4; lastKnownFileType = sourcecode.c.h; name = TcpServerThread.h; path = src/TcpServerThread.h; sourceTree = "<group>"; };
		D12D07321885656100B2A00C /* TcpSocket.cpp */ = {isa = PBXFileReference; fileEncoding = 4; lastKnownFileType = sourcecode.cpp.cpp; name = TcpSocket.cpp; path = src/TcpSocket.cpp; sourceTree = "<group>"; };
		D12D07331885656100B2A00C /* UdpServer.cpp */ = {isa = PBXFileReference; fileEncoding = 4; lastKnownFileType = sourcecode.cpp.cpp; name = UdpServer.cpp; path = src/UdpServer.cpp; sourceTree = "<group>"; };
		D12D07341885656100B2A00C /* UdpServerDelegate.cpp */ = {isa = PBXFileReference; fileEncoding = 4; lastKnownFileType = sourcecode.cpp.cpp; name = UdpServerDelegate.cpp; path = src/UdpServerDelegate.cpp; sourceTree = "<group>"; };
		D12D07351885656100B2A00C /* UdpServerThread.cpp */ = {isa = PBXFileReference; fileEncoding = 4; lastKnownFileType = sourcecode.cpp.cpp; name = UdpServerThread.cpp; path = src/UdpServerThread.cpp; sourceTree = "<group>"; };
		D12D07361885656100B2A00C /* UdpServerThread.h */ = {isa = PBXFileReference; fileEncoding = 4; lastKnownFileType = sourcecode.c.h; name = UdpServerThread.h; path = src/UdpServerThread.h; sourceTree = "<group>"; };
		D12D07371885656100B2A00C /* UdpSocket.cpp */ = {isa = PBXFileReference; fileEncoding = 4; lastKnownFileType = sourcecode.cpp.cpp; name = UdpSocket.cpp; path = src/UdpSocket.cpp; sourceTree = "<group>"; };
		D12D07391885656100B2A00C /* WorkerThread.cpp */ = {isa = PBXFileReference; fileEncoding = 4; lastKnownFileType = sourcecode.cpp.cpp; name = WorkerThread.cpp; path = src/WorkerThread.cpp; sourceTree = "<group>"; };
		D12D073A1885656100B2A00C /* WorkerThread.h */ = {isa = PBXFileReference; fileEncoding = 4; lastKnownFileType = sourcecode.c.h; name = WorkerThread.h; path = src/WorkerThread.h; sourceTree = "<group>"; };
		D1325219189BBA8300847DE1 /* BroadcasterThread.cpp */ = {isa = PBXFileReference; fileEncoding = 4; lastKnownFileType = sourcecode.cpp.cpp; name = BroadcasterThread.cpp; path = src/BroadcasterThread.cpp; sourceTree = "<group>"; };
		D132521A189BBA8300847DE1 /* BroadcasterThread.h */ = {isa = PBXFileReference; fileEncoding = 4; lastKnownFileType = sourcecode.c.h; name = BroadcasterThread.h; path = src/BroadcasterThread.h; sourceTree = "<group>"; };
		D1325256189BC33C00847DE1 /* demo_simple */ = {isa = PBXFileReference; explicitFileType = "compiled.mach-o.executable"; includeInIndex = 0; path = demo_simple; sourceTree = BUILT_PRODUCTS_DIR; };
		D1325261189BC35F00847DE1 /* demo_simple.cpp */ = {isa = PBXFileReference; fileEncoding = 4; lastKnownFileType = sourcecode.cpp.cpp; name = demo_simple.cpp; path = demos/demo_simple/demo_simple.cpp; sourceTree = SOURCE_ROOT; };
		D1358BCA18D7781000A36FDC /* iOS.xcconfig */ = {isa = PBXFileReference; lastKnownFileType = text.xcconfig; name = iOS.xcconfig; path = xcconfig/iOS.xcconfig; sourceTree = "<group>"; };
		D1358BCB18D7781000A36FDC /* Mac.xcconfig */ = {isa = PBXFileReference; lastKnownFileType = text.xcconfig; name = Mac.xcconfig; path = xcconfig/Mac.xcconfig; sourceTree = "<group>"; };
		D1522F1C140F79500012F290 /* libsakit.a */ = {isa = PBXFileReference; explicitFileType = archive.ar; includeInIndex = 0; path = libsakit.a; sourceTree = BUILT_PRODUCTS_DIR; };
		D176BC731BC8FE2100C98D34 /* libhltypes.a */ = {isa = PBXFileReference; lastKnownFileType = archive.ar; name = libhltypes.a; path = ../../__build__/products/Debug/libhltypes.a; sourceTree = "<group>"; };
		D1E5A84818AE06B50052FD92 /* TimedThread.cpp */ = {isa = PBXFileReference; fileEncoding = 4; lastKnownFileType = sourcecode.cpp.cpp; name = TimedThread.cpp; path = src/TimedThread.cpp; sourceTree = "<group>"; };
		D1E5A84918AE06B50052FD92 /* TimedThread.h */ = {isa = PBXFileReference; fileEncoding = 4; lastKnownFileType = sourcecode.c.h; name = TimedThread.h; path = src/TimedThread.h; sourceTree = "<group>"; };
		D1F27A89177A2CB600E5C131 /* libsakit.a */ = {isa = PBXFileReference; explicitFileType = archive.ar; includeInIndex = 0; path = libsakit.a; sourceTree = BUILT_PRODUCTS_DIR; };
/* End PBXFileReference section */

/* Begin PBXFrameworksBuildPhase section */
		8DC2EF560486A6940098B216 /* Frameworks */ = {
			isa = PBXFrameworksBuildPhase;
			buildActionMask = 2147483647;
			files = (
				D11B18D318AE64C600C078BA /* hltypes.framework in Frameworks */,
			);
			runOnlyForDeploymentPostprocessing = 0;
		};
		D1325253189BC33C00847DE1 /* Frameworks */ = {
			isa = PBXFrameworksBuildPhase;
			buildActionMask = 2147483647;
			files = (
				D176BC741BC8FE2100C98D34 /* libhltypes.a in Frameworks */,
				D176BC721BC8FE1B00C98D34 /* libsakit.a in Frameworks */,
			);
			runOnlyForDeploymentPostprocessing = 0;
		};
		D1522F19140F79500012F290 /* Frameworks */ = {
			isa = PBXFrameworksBuildPhase;
			buildActionMask = 2147483647;
			files = (
			);
			runOnlyForDeploymentPostprocessing = 0;
		};
		D1F27A81177A2CB600E5C131 /* Frameworks */ = {
			isa = PBXFrameworksBuildPhase;
			buildActionMask = 2147483647;
			files = (
			);
			runOnlyForDeploymentPostprocessing = 0;
		};
/* End PBXFrameworksBuildPhase section */

/* Begin PBXGroup section */
		034768DFFF38A50411DB9C8B /* Products */ = {
			isa = PBXGroup;
			children = (
				8DC2EF5B0486A6940098B216 /* sakit.framework */,
				D1522F1C140F79500012F290 /* libsakit.a */,
				D1F27A89177A2CB600E5C131 /* libsakit.a */,
				D1325256189BC33C00847DE1 /* demo_simple */,
			);
			name = Products;
			sourceTree = "<group>";
		};
		0867D691FE84028FC02AAC07 /* libsakit */ = {
			isa = PBXGroup;
			children = (
				D1358BC918D7780400A36FDC /* config */,
				7F42F6E811EB0E0600B1C1DF /* include */,
				7F42F6E711EB0E0200B1C1DF /* src */,
				D1325260189BC34800847DE1 /* demos */,
				D11B18D418AE64CF00C078BA /* Frameworks */,
				034768DFFF38A50411DB9C8B /* Products */,
			);
			name = libsakit;
			sourceTree = "<group>";
		};
		7F42F6E711EB0E0200B1C1DF /* src */ = {
			isa = PBXGroup;
			children = (
				D1E5A84818AE06B50052FD92 /* TimedThread.cpp */,
				D1E5A84918AE06B50052FD92 /* TimedThread.h */,
				D1325219189BBA8300847DE1 /* BroadcasterThread.cpp */,
				D132521A189BBA8300847DE1 /* BroadcasterThread.h */,
				A10A58301899934200C708FF /* Binder.cpp */,
				A10A58311899934200C708FF /* BinderDelegate.cpp */,
				A10A58321899934200C708FF /* BinderThread.cpp */,
				A10A58331899934200C708FF /* BinderThread.h */,
				A10A58341899934200C708FF /* Connector.cpp */,
				A10A58351899934200C708FF /* ConnectorDelegate.cpp */,
				A10A58361899934200C708FF /* sakitUtil.cpp */,
				A10A58371899934200C708FF /* sakitUtil.h */,
				A10A58381899934200C708FF /* TcpReceiverThread.cpp */,
				A10A58391899934200C708FF /* TcpReceiverThread.h */,
				A10A583A1899934200C708FF /* TcpSocketDelegate.cpp */,
				A10A583B1899934200C708FF /* UdpReceiverThread.cpp */,
				A10A583C1899934200C708FF /* UdpReceiverThread.h */,
				A10A583D1899934200C708FF /* UdpSocketDelegate.cpp */,
				A1773F9118951E24002810BD /* HttpResponse.cpp */,
				A1773F9218951E24002810BD /* HttpSocketThread.cpp */,
				A1773F9318951E24002810BD /* HttpSocketThread.h */,
				A1773F9418951E24002810BD /* SocketBase.cpp */,
				A1773F9518951E24002810BD /* Url.cpp */,
				D12D07181885656100B2A00C /* Base.cpp */,
				D12D07191885656100B2A00C /* ConnectorThread.cpp */,
				D12D071A1885656100B2A00C /* ConnectorThread.h */,
				D12D071B1885656100B2A00C /* Host.cpp */,
				D12D071C1885656100B2A00C /* HttpSocket.cpp */,
				D12D071D1885656100B2A00C /* HttpSocketDelegate.cpp */,
				D12D071E1885656100B2A00C /* NetworkAdapter.cpp */,
				D12D071F1885656100B2A00C /* PlatformSocket_Sock.cpp */,
				D12D07201885656100B2A00C /* PlatformSocket_WinRT.cpp */,
				D12D07211885656100B2A00C /* PlatformSocket.cpp */,
				D12D07221885656100B2A00C /* PlatformSocket.h */,
				D12D07231885656100B2A00C /* ReceiverThread.cpp */,
				D12D07241885656100B2A00C /* ReceiverThread.h */,
				D12D07251885656100B2A00C /* sakit.cpp */,
				D12D07261885656100B2A00C /* SenderThread.cpp */,
				D12D07271885656100B2A00C /* SenderThread.h */,
				D12D07281885656100B2A00C /* Server.cpp */,
				D12D07291885656100B2A00C /* ServerDelegate.cpp */,
				D12D072C1885656100B2A00C /* Socket.cpp */,
				D12D072D1885656100B2A00C /* SocketDelegate.cpp */,
				D12D072E1885656100B2A00C /* TcpServer.cpp */,
				D12D072F1885656100B2A00C /* TcpServerDelegate.cpp */,
				D12D07301885656100B2A00C /* TcpServerThread.cpp */,
				D12D07311885656100B2A00C /* TcpServerThread.h */,
				D12D07321885656100B2A00C /* TcpSocket.cpp */,
				D12D07331885656100B2A00C /* UdpServer.cpp */,
				D12D07341885656100B2A00C /* UdpServerDelegate.cpp */,
				D12D07351885656100B2A00C /* UdpServerThread.cpp */,
				D12D07361885656100B2A00C /* UdpServerThread.h */,
				D12D07371885656100B2A00C /* UdpSocket.cpp */,
				D12D07391885656100B2A00C /* WorkerThread.cpp */,
				D12D073A1885656100B2A00C /* WorkerThread.h */,
			);
			name = src;
			sourceTree = "<group>";
		};
		7F42F6E811EB0E0600B1C1DF /* include */ = {
			isa = PBXGroup;
			children = (
				A10A5822189992FF00C708FF /* Binder.h */,
				A10A5823189992FF00C708FF /* BinderDelegate.h */,
				A10A5824189992FF00C708FF /* Connector.h */,
				A10A5825189992FF00C708FF /* ConnectorDelegate.h */,
				A10A5826189992FF00C708FF /* State.h */,
				A10A5827189992FF00C708FF /* TcpSocketDelegate.h */,
				A10A5828189992FF00C708FF /* UdpSocketDelegate.h */,
				A1773F8B18951E0C002810BD /* HttpResponse.h */,
				A1773F8C18951E0C002810BD /* SocketBase.h */,
				A1773F8D18951E0C002810BD /* Url.h */,
				D12D06F41885654B00B2A00C /* Base.h */,
				D12D06F51885654B00B2A00C /* Host.h */,
				D12D06F61885654B00B2A00C /* HttpSocket.h */,
				D12D06F71885654B00B2A00C /* HttpSocketDelegate.h */,
				D12D06F81885654B00B2A00C /* NetworkAdapter.h */,
				D12D06F91885654B00B2A00C /* sakit.h */,
				D12D06FA1885654B00B2A00C /* sakitExport.h */,
				D12D06FB1885654B00B2A00C /* Server.h */,
				D12D06FC1885654B00B2A00C /* ServerDelegate.h */,
				D12D06FD1885654B00B2A00C /* Socket.h */,
				D12D06FE1885654B00B2A00C /* SocketDelegate.h */,
				D12D06FF1885654B00B2A00C /* TcpServer.h */,
				D12D07001885654B00B2A00C /* TcpServerDelegate.h */,
				D12D07011885654B00B2A00C /* TcpSocket.h */,
				D12D07021885654B00B2A00C /* UdpServer.h */,
				D12D07031885654B00B2A00C /* UdpServerDelegate.h */,
				D12D07041885654B00B2A00C /* UdpSocket.h */,
			);
			name = include;
			sourceTree = "<group>";
		};
		D11B18D418AE64CF00C078BA /* Frameworks */ = {
			isa = PBXGroup;
			children = (
				D176BC731BC8FE2100C98D34 /* libhltypes.a */,
				D11B18D218AE64C600C078BA /* hltypes.framework */,
			);
			name = Frameworks;
			sourceTree = "<group>";
		};
		D1325257189BC33C00847DE1 /* demo_simple */ = {
			isa = PBXGroup;
			children = (
				D1325261189BC35F00847DE1 /* demo_simple.cpp */,
			);
			path = demo_simple;
			sourceTree = "<group>";
		};
		D1325260189BC34800847DE1 /* demos */ = {
			isa = PBXGroup;
			children = (
				D1325257189BC33C00847DE1 /* demo_simple */,
			);
			name = demos;
			sourceTree = "<group>";
		};
		D1358BC918D7780400A36FDC /* config */ = {
			isa = PBXGroup;
			children = (
				D1358BCA18D7781000A36FDC /* iOS.xcconfig */,
				D1358BCB18D7781000A36FDC /* Mac.xcconfig */,
				8DC2EF5A0486A6940098B216 /* Info.plist */,
			);
			name = config;
			sourceTree = "<group>";
		};
/* End PBXGroup section */

/* Begin PBXHeadersBuildPhase section */
		8DC2EF500486A6940098B216 /* Headers */ = {
			isa = PBXHeadersBuildPhase;
			buildActionMask = 2147483647;
			files = (
				D12D07121885654B00B2A00C /* TcpServerDelegate.h in Headers */,
				A10A582A189992FF00C708FF /* BinderDelegate.h in Headers */,
				A10A582D189992FF00C708FF /* State.h in Headers */,
				A10A58631899935A00C708FF /* TcpReceiverThread.h in Headers */,
				D12D07131885654B00B2A00C /* TcpSocket.h in Headers */,
				D12D070E1885654B00B2A00C /* ServerDelegate.h in Headers */,
				D12D07A11885656100B2A00C /* WorkerThread.h in Headers */,
				D12D07951885656100B2A00C /* UdpServerThread.h in Headers */,
				D12D07591885656100B2A00C /* PlatformSocket.h in Headers */,
				A10A585D1899935A00C708FF /* BinderThread.h in Headers */,
				D12D07861885656100B2A00C /* TcpServerThread.h in Headers */,
				D12D070C1885654B00B2A00C /* sakitExport.h in Headers */,
				A10A58661899935A00C708FF /* UdpReceiverThread.h in Headers */,
				D12D07151885654B00B2A00C /* UdpServerDelegate.h in Headers */,
				D12D070A1885654B00B2A00C /* NetworkAdapter.h in Headers */,
				A1773F9018951E0C002810BD /* Url.h in Headers */,
				A10A582B189992FF00C708FF /* Connector.h in Headers */,
				D12D07111885654B00B2A00C /* TcpServer.h in Headers */,
				D12D07071885654B00B2A00C /* Host.h in Headers */,
				A10A58611899935A00C708FF /* sakitUtil.h in Headers */,
				A1773F8F18951E0C002810BD /* SocketBase.h in Headers */,
				D12D07101885654B00B2A00C /* SocketDelegate.h in Headers */,
				D12D07161885654B00B2A00C /* UdpSocket.h in Headers */,
				A10A582C189992FF00C708FF /* ConnectorDelegate.h in Headers */,
				D12D07081885654B00B2A00C /* HttpSocket.h in Headers */,
				A10A582F189992FF00C708FF /* UdpSocketDelegate.h in Headers */,
				D12D070F1885654B00B2A00C /* Socket.h in Headers */,
				D12D075F1885656100B2A00C /* ReceiverThread.h in Headers */,
				D12D070B1885654B00B2A00C /* sakit.h in Headers */,
				D12D070D1885654B00B2A00C /* Server.h in Headers */,
				D12D07141885654B00B2A00C /* UdpServer.h in Headers */,
				D12D07411885656100B2A00C /* ConnectorThread.h in Headers */,
				A10A5829189992FF00C708FF /* Binder.h in Headers */,
				D12D07091885654B00B2A00C /* HttpSocketDelegate.h in Headers */,
				D1E5A84D18AE06B50052FD92 /* TimedThread.h in Headers */,
				A1773F8E18951E0C002810BD /* HttpResponse.h in Headers */,
				D132521E189BBA8300847DE1 /* BroadcasterThread.h in Headers */,
				A10A582E189992FF00C708FF /* TcpSocketDelegate.h in Headers */,
				D12D07061885654B00B2A00C /* Base.h in Headers */,
				A1773F9818951E24002810BD /* HttpSocketThread.h in Headers */,
				D12D07681885656100B2A00C /* SenderThread.h in Headers */,
			);
			runOnlyForDeploymentPostprocessing = 0;
		};
		D1522F1A140F79500012F290 /* Headers */ = {
			isa = PBXHeadersBuildPhase;
			buildActionMask = 2147483647;
			files = (
				A10A58511899934200C708FF /* TcpReceiverThread.h in Headers */,
				A1FB29D4189526B300F3E2F4 /* SenderThread.h in Headers */,
				A1FB29E6189526B300F3E2F4 /* WorkerThread.h in Headers */,
				A10A58571899934200C708FF /* UdpReceiverThread.h in Headers */,
				A1FB29C7189526B300F3E2F4 /* ConnectorThread.h in Headers */,
				A10A584D1899934200C708FF /* sakitUtil.h in Headers */,
				A1FB29CF189526B300F3E2F4 /* PlatformSocket.h in Headers */,
				A1FB29C2189526B300F3E2F4 /* HttpSocketThread.h in Headers */,
				D1E5A84F18AE06B50052FD92 /* TimedThread.h in Headers */,
				A1FB29D1189526B300F3E2F4 /* ReceiverThread.h in Headers */,
				A1FB29DE189526B300F3E2F4 /* TcpServerThread.h in Headers */,
				A1FB29E3189526B300F3E2F4 /* UdpServerThread.h in Headers */,
				D1325220189BBA8300847DE1 /* BroadcasterThread.h in Headers */,
				A10A58451899934200C708FF /* BinderThread.h in Headers */,
			);
			runOnlyForDeploymentPostprocessing = 0;
		};
		D1F27A82177A2CB600E5C131 /* Headers */ = {
			isa = PBXHeadersBuildPhase;
			buildActionMask = 2147483647;
			files = (
				A10A58501899934200C708FF /* TcpReceiverThread.h in Headers */,
				A1FB29A8189526B100F3E2F4 /* SenderThread.h in Headers */,
				A1FB29BA189526B100F3E2F4 /* WorkerThread.h in Headers */,
				A10A58561899934200C708FF /* UdpReceiverThread.h in Headers */,
				A1FB299B189526B100F3E2F4 /* ConnectorThread.h in Headers */,
				A10A584C1899934200C708FF /* sakitUtil.h in Headers */,
				A1FB29A3189526B100F3E2F4 /* PlatformSocket.h in Headers */,
				A1FB2996189526B100F3E2F4 /* HttpSocketThread.h in Headers */,
				D1E5A84E18AE06B50052FD92 /* TimedThread.h in Headers */,
				A1FB29A5189526B100F3E2F4 /* ReceiverThread.h in Headers */,
				A1FB29B2189526B100F3E2F4 /* TcpServerThread.h in Headers */,
				A1FB29B7189526B100F3E2F4 /* UdpServerThread.h in Headers */,
				D132521F189BBA8300847DE1 /* BroadcasterThread.h in Headers */,
				A10A58441899934200C708FF /* BinderThread.h in Headers */,
			);
			runOnlyForDeploymentPostprocessing = 0;
		};
/* End PBXHeadersBuildPhase section */

/* Begin PBXNativeTarget section */
		8DC2EF4F0486A6940098B216 /* sakit */ = {
			isa = PBXNativeTarget;
			buildConfigurationList = 1DEB91AD08733DA50010E9CD /* Build configuration list for PBXNativeTarget "sakit" */;
			buildPhases = (
				8DC2EF500486A6940098B216 /* Headers */,
				8DC2EF520486A6940098B216 /* Resources */,
				8DC2EF540486A6940098B216 /* Sources */,
				8DC2EF560486A6940098B216 /* Frameworks */,
			);
			buildRules = (
			);
			dependencies = (
			);
			name = sakit;
			productInstallPath = "$(HOME)/Library/Frameworks";
			productName = libsakit;
			productReference = 8DC2EF5B0486A6940098B216 /* sakit.framework */;
			productType = "com.apple.product-type.framework";
		};
		D1325255189BC33C00847DE1 /* demo_simple */ = {
			isa = PBXNativeTarget;
			buildConfigurationList = D132525F189BC33C00847DE1 /* Build configuration list for PBXNativeTarget "demo_simple" */;
			buildPhases = (
				D1325252189BC33C00847DE1 /* Sources */,
				D1325253189BC33C00847DE1 /* Frameworks */,
				D1325254189BC33C00847DE1 /* CopyFiles */,
			);
			buildRules = (
			);
			dependencies = (
				D1325264189BC36600847DE1 /* PBXTargetDependency */,
			);
			name = demo_simple;
			productName = demo_simple;
			productReference = D1325256189BC33C00847DE1 /* demo_simple */;
			productType = "com.apple.product-type.tool";
		};
		D1522F1B140F79500012F290 /* sakit (iOS) */ = {
			isa = PBXNativeTarget;
			buildConfigurationList = D1522F2B140F79500012F290 /* Build configuration list for PBXNativeTarget "sakit (iOS)" */;
			buildPhases = (
				D1522F18140F79500012F290 /* Sources */,
				D1522F19140F79500012F290 /* Frameworks */,
				D1522F1A140F79500012F290 /* Headers */,
			);
			buildRules = (
			);
			dependencies = (
			);
			name = "sakit (iOS)";
			productName = "libsakit-ios";
			productReference = D1522F1C140F79500012F290 /* libsakit.a */;
			productType = "com.apple.product-type.library.static";
		};
		D1F27A77177A2CB600E5C131 /* sakit (Mac) */ = {
			isa = PBXNativeTarget;
			buildConfigurationList = D1F27A83177A2CB600E5C131 /* Build configuration list for PBXNativeTarget "sakit (Mac)" */;
			buildPhases = (
				D1F27A78177A2CB600E5C131 /* Sources */,
				D1F27A81177A2CB600E5C131 /* Frameworks */,
				D1F27A82177A2CB600E5C131 /* Headers */,
			);
			buildRules = (
			);
			dependencies = (
			);
			name = "sakit (Mac)";
			productName = "libsakit-ios";
			productReference = D1F27A89177A2CB600E5C131 /* libsakit.a */;
			productType = "com.apple.product-type.library.static";
		};
/* End PBXNativeTarget section */

/* Begin PBXProject section */
		0867D690FE84028FC02AAC07 /* Project object */ = {
			isa = PBXProject;
			attributes = {
				LastUpgradeCheck = 0710;
			};
			buildConfigurationList = 1DEB91B108733DA50010E9CD /* Build configuration list for PBXProject "sakit" */;
			compatibilityVersion = "Xcode 3.2";
			developmentRegion = English;
			hasScannedForEncodings = 1;
			knownRegions = (
				English,
				Japanese,
				French,
				German,
			);
			mainGroup = 0867D691FE84028FC02AAC07 /* libsakit */;
			productRefGroup = 034768DFFF38A50411DB9C8B /* Products */;
			projectDirPath = "";
			projectRoot = "";
			targets = (
				8DC2EF4F0486A6940098B216 /* sakit */,
				D1F27A77177A2CB600E5C131 /* sakit (Mac) */,
				D1522F1B140F79500012F290 /* sakit (iOS) */,
				D1325255189BC33C00847DE1 /* demo_simple */,
			);
		};
/* End PBXProject section */

/* Begin PBXResourcesBuildPhase section */
		8DC2EF520486A6940098B216 /* Resources */ = {
			isa = PBXResourcesBuildPhase;
			buildActionMask = 2147483647;
			files = (
			);
			runOnlyForDeploymentPostprocessing = 0;
		};
/* End PBXResourcesBuildPhase section */

/* Begin PBXSourcesBuildPhase section */
		8DC2EF540486A6940098B216 /* Sources */ = {
			isa = PBXSourcesBuildPhase;
			buildActionMask = 2147483647;
			files = (
				A1773F9618951E24002810BD /* HttpResponse.cpp in Sources */,
				A10A585A1899935A00C708FF /* Binder.cpp in Sources */,
				D12D075C1885656100B2A00C /* ReceiverThread.cpp in Sources */,
				D12D077A1885656100B2A00C /* SocketDelegate.cpp in Sources */,
				D1E5A84A18AE06B50052FD92 /* TimedThread.cpp in Sources */,
				A1773F9918951E24002810BD /* SocketBase.cpp in Sources */,
				D12D07621885656100B2A00C /* sakit.cpp in Sources */,
				D12D07981885656100B2A00C /* UdpSocket.cpp in Sources */,
				D12D07471885656100B2A00C /* HttpSocket.cpp in Sources */,
				D132521B189BBA8300847DE1 /* BroadcasterThread.cpp in Sources */,
				A10A585E1899935A00C708FF /* Connector.cpp in Sources */,
				A10A585B1899935A00C708FF /* BinderDelegate.cpp in Sources */,
				D12D07921885656100B2A00C /* UdpServerThread.cpp in Sources */,
				D12D07771885656100B2A00C /* Socket.cpp in Sources */,
				D12D07831885656100B2A00C /* TcpServerThread.cpp in Sources */,
				D12D074A1885656100B2A00C /* HttpSocketDelegate.cpp in Sources */,
				A10A585C1899935A00C708FF /* BinderThread.cpp in Sources */,
				D12D07531885656100B2A00C /* PlatformSocket_WinRT.cpp in Sources */,
				A10A58671899935A00C708FF /* UdpSocketDelegate.cpp in Sources */,
				D12D07891885656100B2A00C /* TcpSocket.cpp in Sources */,
				A10A58601899935A00C708FF /* sakitUtil.cpp in Sources */,
				D12D07441885656100B2A00C /* Host.cpp in Sources */,
				A1773F9A18951E24002810BD /* Url.cpp in Sources */,
				A1773F9718951E24002810BD /* HttpSocketThread.cpp in Sources */,
				D12D073B1885656100B2A00C /* Base.cpp in Sources */,
				D12D076E1885656100B2A00C /* ServerDelegate.cpp in Sources */,
				D12D07801885656100B2A00C /* TcpServerDelegate.cpp in Sources */,
				A10A58651899935A00C708FF /* UdpReceiverThread.cpp in Sources */,
				D12D078C1885656100B2A00C /* UdpServer.cpp in Sources */,
				A10A58641899935A00C708FF /* TcpSocketDelegate.cpp in Sources */,
				D12D074D1885656100B2A00C /* NetworkAdapter.cpp in Sources */,
				A10A58621899935A00C708FF /* TcpReceiverThread.cpp in Sources */,
				D12D078F1885656100B2A00C /* UdpServerDelegate.cpp in Sources */,
				D12D076B1885656100B2A00C /* Server.cpp in Sources */,
				D12D073E1885656100B2A00C /* ConnectorThread.cpp in Sources */,
				D12D077D1885656100B2A00C /* TcpServer.cpp in Sources */,
				D12D07561885656100B2A00C /* PlatformSocket.cpp in Sources */,
				D12D07651885656100B2A00C /* SenderThread.cpp in Sources */,
				D12D07501885656100B2A00C /* PlatformSocket_Sock.cpp in Sources */,
				A10A585F1899935A00C708FF /* ConnectorDelegate.cpp in Sources */,
				D12D079E1885656100B2A00C /* WorkerThread.cpp in Sources */,
			);
			runOnlyForDeploymentPostprocessing = 0;
		};
		D1325252189BC33C00847DE1 /* Sources */ = {
			isa = PBXSourcesBuildPhase;
			buildActionMask = 2147483647;
			files = (
				D1325262189BC35F00847DE1 /* demo_simple.cpp in Sources */,
			);
			runOnlyForDeploymentPostprocessing = 0;
		};
		D1522F18140F79500012F290 /* Sources */ = {
			isa = PBXSourcesBuildPhase;
			buildActionMask = 2147483647;
			files = (
				A1FB29C9189526B300F3E2F4 /* HttpSocket.cpp in Sources */,
				A10A583F1899934200C708FF /* Binder.cpp in Sources */,
				A1FB29C8189526B300F3E2F4 /* Host.cpp in Sources */,
				A1FB29C3189526B300F3E2F4 /* SocketBase.cpp in Sources */,
				D1E5A84C18AE06B50052FD92 /* TimedThread.cpp in Sources */,
				A1FB29C1189526B300F3E2F4 /* HttpSocketThread.cpp in Sources */,
				A1FB29D9189526B300F3E2F4 /* Socket.cpp in Sources */,
				A1FB29D5189526B300F3E2F4 /* Server.cpp in Sources */,
				A1FB29C0189526B300F3E2F4 /* HttpResponse.cpp in Sources */,
				D132521D189BBA8300847DE1 /* BroadcasterThread.cpp in Sources */,
				A10A58471899934200C708FF /* Connector.cpp in Sources */,
				A10A58411899934200C708FF /* BinderDelegate.cpp in Sources */,
				A1FB29C6189526B300F3E2F4 /* ConnectorThread.cpp in Sources */,
				A1FB29E4189526B300F3E2F4 /* UdpSocket.cpp in Sources */,
				A1FB29DB189526B300F3E2F4 /* TcpServer.cpp in Sources */,
				A1FB29DA189526B300F3E2F4 /* SocketDelegate.cpp in Sources */,
				A10A58431899934200C708FF /* BinderThread.cpp in Sources */,
				A1FB29CD189526B300F3E2F4 /* PlatformSocket_WinRT.cpp in Sources */,
				A10A58591899934200C708FF /* UdpSocketDelegate.cpp in Sources */,
				A1FB29C4189526B300F3E2F4 /* Url.cpp in Sources */,
				A10A584B1899934200C708FF /* sakitUtil.cpp in Sources */,
				A1FB29E0189526B300F3E2F4 /* UdpServer.cpp in Sources */,
				A1FB29CE189526B300F3E2F4 /* PlatformSocket.cpp in Sources */,
				A1FB29CA189526B300F3E2F4 /* HttpSocketDelegate.cpp in Sources */,
				A1FB29D6189526B300F3E2F4 /* ServerDelegate.cpp in Sources */,
				A1FB29D3189526B300F3E2F4 /* SenderThread.cpp in Sources */,
				A1FB29CB189526B300F3E2F4 /* NetworkAdapter.cpp in Sources */,
				A10A58551899934200C708FF /* UdpReceiverThread.cpp in Sources */,
				A1FB29E1189526B300F3E2F4 /* UdpServerDelegate.cpp in Sources */,
				A10A58531899934200C708FF /* TcpSocketDelegate.cpp in Sources */,
				A1FB29D2189526B300F3E2F4 /* sakit.cpp in Sources */,
				A10A584F1899934200C708FF /* TcpReceiverThread.cpp in Sources */,
				A1FB29E2189526B300F3E2F4 /* UdpServerThread.cpp in Sources */,
				A1FB29DD189526B300F3E2F4 /* TcpServerThread.cpp in Sources */,
				A1FB29E5189526B300F3E2F4 /* WorkerThread.cpp in Sources */,
				A1FB29C5189526B300F3E2F4 /* Base.cpp in Sources */,
				A1FB29D0189526B300F3E2F4 /* ReceiverThread.cpp in Sources */,
				A1FB29DF189526B300F3E2F4 /* TcpSocket.cpp in Sources */,
				A1FB29CC189526B300F3E2F4 /* PlatformSocket_Sock.cpp in Sources */,
				A10A58491899934200C708FF /* ConnectorDelegate.cpp in Sources */,
				A1FB29DC189526B300F3E2F4 /* TcpServerDelegate.cpp in Sources */,
			);
			runOnlyForDeploymentPostprocessing = 0;
		};
		D1F27A78177A2CB600E5C131 /* Sources */ = {
			isa = PBXSourcesBuildPhase;
			buildActionMask = 2147483647;
			files = (
				A1FB299D189526B100F3E2F4 /* HttpSocket.cpp in Sources */,
				A10A583E1899934200C708FF /* Binder.cpp in Sources */,
				A1FB299C189526B100F3E2F4 /* Host.cpp in Sources */,
				A1FB2997189526B100F3E2F4 /* SocketBase.cpp in Sources */,
				D1E5A84B18AE06B50052FD92 /* TimedThread.cpp in Sources */,
				A1FB2995189526B100F3E2F4 /* HttpSocketThread.cpp in Sources */,
				A1FB29AD189526B100F3E2F4 /* Socket.cpp in Sources */,
				A1FB29A9189526B100F3E2F4 /* Server.cpp in Sources */,
				A1FB2994189526B100F3E2F4 /* HttpResponse.cpp in Sources */,
				D132521C189BBA8300847DE1 /* BroadcasterThread.cpp in Sources */,
				A10A58461899934200C708FF /* Connector.cpp in Sources */,
				A10A58401899934200C708FF /* BinderDelegate.cpp in Sources */,
				A1FB299A189526B100F3E2F4 /* ConnectorThread.cpp in Sources */,
				A1FB29B8189526B100F3E2F4 /* UdpSocket.cpp in Sources */,
				A1FB29AF189526B100F3E2F4 /* TcpServer.cpp in Sources */,
				A1FB29AE189526B100F3E2F4 /* SocketDelegate.cpp in Sources */,
				A10A58421899934200C708FF /* BinderThread.cpp in Sources */,
				A1FB29A1189526B100F3E2F4 /* PlatformSocket_WinRT.cpp in Sources */,
				A10A58581899934200C708FF /* UdpSocketDelegate.cpp in Sources */,
				A1FB2998189526B100F3E2F4 /* Url.cpp in Sources */,
				A10A584A1899934200C708FF /* sakitUtil.cpp in Sources */,
				A1FB29B4189526B100F3E2F4 /* UdpServer.cpp in Sources */,
				A1FB29A2189526B100F3E2F4 /* PlatformSocket.cpp in Sources */,
				A1FB299E189526B100F3E2F4 /* HttpSocketDelegate.cpp in Sources */,
				A1FB29AA189526B100F3E2F4 /* ServerDelegate.cpp in Sources */,
				A1FB29A7189526B100F3E2F4 /* SenderThread.cpp in Sources */,
				A1FB299F189526B100F3E2F4 /* NetworkAdapter.cpp in Sources */,
				A10A58541899934200C708FF /* UdpReceiverThread.cpp in Sources */,
				A1FB29B5189526B100F3E2F4 /* UdpServerDelegate.cpp in Sources */,
				A10A58521899934200C708FF /* TcpSocketDelegate.cpp in Sources */,
				A1FB29A6189526B100F3E2F4 /* sakit.cpp in Sources */,
				A10A584E1899934200C708FF /* TcpReceiverThread.cpp in Sources */,
				A1FB29B6189526B100F3E2F4 /* UdpServerThread.cpp in Sources */,
				A1FB29B1189526B100F3E2F4 /* TcpServerThread.cpp in Sources */,
				A1FB29B9189526B100F3E2F4 /* WorkerThread.cpp in Sources */,
				A1FB2999189526B100F3E2F4 /* Base.cpp in Sources */,
				A1FB29A4189526B100F3E2F4 /* ReceiverThread.cpp in Sources */,
				A1FB29B3189526B100F3E2F4 /* TcpSocket.cpp in Sources */,
				A1FB29A0189526B100F3E2F4 /* PlatformSocket_Sock.cpp in Sources */,
				A10A58481899934200C708FF /* ConnectorDelegate.cpp in Sources */,
				A1FB29B0189526B100F3E2F4 /* TcpServerDelegate.cpp in Sources */,
			);
			runOnlyForDeploymentPostprocessing = 0;
		};
/* End PBXSourcesBuildPhase section */

/* Begin PBXTargetDependency section */
		D1325264189BC36600847DE1 /* PBXTargetDependency */ = {
			isa = PBXTargetDependency;
			target = D1F27A77177A2CB600E5C131 /* sakit (Mac) */;
			targetProxy = D1325263189BC36600847DE1 /* PBXContainerItemProxy */;
		};
/* End PBXTargetDependency section */

/* Begin XCBuildConfiguration section */
		7F7A5614129D436D00E0ED12 /* App Store */ = {
			isa = XCBuildConfiguration;
			buildSettings = {
				GCC_WARN_ABOUT_RETURN_TYPE = YES;
				GCC_WARN_CHECK_SWITCH_STATEMENTS = NO;
				GCC_WARN_UNUSED_VARIABLE = YES;
				HEADER_SEARCH_PATHS = (
					"$(SRCROOT)/../hltypes/include",
					"$(inherited)",
				);
				PRODUCT_NAME = sakit;
			};
			name = "App Store";
		};
		7F7A5615129D436D00E0ED12 /* App Store */ = {
			isa = XCBuildConfiguration;
			baseConfigurationReference = D1358BCB18D7781000A36FDC /* Mac.xcconfig */;
			buildSettings = {
				INFOPLIST_FILE = Info.plist;
				LD_DYLIB_INSTALL_NAME = "@executable_path/../Frameworks/$(EXECUTABLE_PATH)";
				PRODUCT_BUNDLE_IDENTIFIER = "com.googlecode.${PRODUCT_NAME:rfc1034Identifier}";
				PRODUCT_NAME = sakit;
				SKIP_INSTALL = YES;
				WRAPPER_EXTENSION = framework;
			};
			name = "App Store";
		};
		C9160585132AE60400914FFC /* Debug */ = {
			isa = XCBuildConfiguration;
			buildSettings = {
				GCC_OPTIMIZATION_LEVEL = 0;
				GCC_WARN_ABOUT_RETURN_TYPE = YES;
				GCC_WARN_CHECK_SWITCH_STATEMENTS = NO;
				GCC_WARN_UNUSED_VARIABLE = YES;
				HEADER_SEARCH_PATHS = (
					"$(SRCROOT)/../hltypes/include",
					"$(inherited)",
				);
				ONLY_ACTIVE_ARCH = YES;
				PRODUCT_NAME = sakit;
			};
			name = Debug;
		};
		C9160586132AE60400914FFC /* Debug */ = {
			isa = XCBuildConfiguration;
			baseConfigurationReference = D1358BCB18D7781000A36FDC /* Mac.xcconfig */;
			buildSettings = {
				COPY_PHASE_STRIP = NO;
				INFOPLIST_FILE = Info.plist;
				LD_DYLIB_INSTALL_NAME = "@executable_path/../Frameworks/$(EXECUTABLE_PATH)";
				PRODUCT_BUNDLE_IDENTIFIER = "com.googlecode.${PRODUCT_NAME:rfc1034Identifier}";
				PRODUCT_NAME = sakit;
				SKIP_INSTALL = YES;
				WRAPPER_EXTENSION = framework;
			};
			name = Debug;
		};
		C9160587132AE61000914FFC /* Release */ = {
			isa = XCBuildConfiguration;
			buildSettings = {
				GCC_WARN_ABOUT_RETURN_TYPE = YES;
				GCC_WARN_CHECK_SWITCH_STATEMENTS = NO;
				GCC_WARN_UNUSED_VARIABLE = YES;
				HEADER_SEARCH_PATHS = (
					"$(SRCROOT)/../hltypes/include",
					"$(inherited)",
				);
				PRODUCT_NAME = sakit;
			};
			name = Release;
		};
		C9160588132AE61000914FFC /* Release */ = {
			isa = XCBuildConfiguration;
			baseConfigurationReference = D1358BCB18D7781000A36FDC /* Mac.xcconfig */;
			buildSettings = {
				INFOPLIST_FILE = Info.plist;
				LD_DYLIB_INSTALL_NAME = "@executable_path/../Frameworks/$(EXECUTABLE_PATH)";
				PRODUCT_BUNDLE_IDENTIFIER = "com.googlecode.${PRODUCT_NAME:rfc1034Identifier}";
				PRODUCT_NAME = sakit;
				SKIP_INSTALL = YES;
				WRAPPER_EXTENSION = framework;
			};
			name = Release;
		};
		D132525C189BC33C00847DE1 /* Debug */ = {
			isa = XCBuildConfiguration;
			buildSettings = {
				ALWAYS_SEARCH_USER_PATHS = NO;
				CLANG_ENABLE_OBJC_ARC = YES;
				CLANG_WARN_BOOL_CONVERSION = YES;
				CLANG_WARN_CONSTANT_CONVERSION = YES;
				CLANG_WARN_DIRECT_OBJC_ISA_USAGE = YES_ERROR;
				CLANG_WARN_EMPTY_BODY = YES;
				CLANG_WARN_ENUM_CONVERSION = YES;
				CLANG_WARN_INT_CONVERSION = YES;
				CLANG_WARN_OBJC_ROOT_CLASS = YES_ERROR;
				CLANG_WARN__DUPLICATE_METHOD_MATCH = YES;
				COPY_PHASE_STRIP = NO;
				GCC_ENABLE_OBJC_EXCEPTIONS = YES;
				GCC_PREPROCESSOR_DEFINITIONS = (
					"DEBUG=1",
					"$(inherited)",
				);
				GCC_WARN_64_TO_32_BIT_CONVERSION = YES;
				GCC_WARN_ABOUT_RETURN_TYPE = YES_ERROR;
				GCC_WARN_UNDECLARED_SELECTOR = YES;
				GCC_WARN_UNINITIALIZED_AUTOS = YES;
				GCC_WARN_UNUSED_FUNCTION = YES;
				PRODUCT_NAME = "$(TARGET_NAME)";
			};
			name = Debug;
		};
		D132525D189BC33C00847DE1 /* Release */ = {
			isa = XCBuildConfiguration;
			buildSettings = {
				ALWAYS_SEARCH_USER_PATHS = NO;
				CLANG_ENABLE_OBJC_ARC = YES;
				CLANG_WARN_BOOL_CONVERSION = YES;
				CLANG_WARN_CONSTANT_CONVERSION = YES;
				CLANG_WARN_DIRECT_OBJC_ISA_USAGE = YES_ERROR;
				CLANG_WARN_EMPTY_BODY = YES;
				CLANG_WARN_ENUM_CONVERSION = YES;
				CLANG_WARN_INT_CONVERSION = YES;
				CLANG_WARN_OBJC_ROOT_CLASS = YES_ERROR;
				CLANG_WARN__DUPLICATE_METHOD_MATCH = YES;
				COPY_PHASE_STRIP = YES;
				ENABLE_NS_ASSERTIONS = NO;
				GCC_ENABLE_OBJC_EXCEPTIONS = YES;
				GCC_WARN_64_TO_32_BIT_CONVERSION = YES;
				GCC_WARN_ABOUT_RETURN_TYPE = YES_ERROR;
				GCC_WARN_UNDECLARED_SELECTOR = YES;
				GCC_WARN_UNINITIALIZED_AUTOS = YES;
				GCC_WARN_UNUSED_FUNCTION = YES;
				PRODUCT_NAME = "$(TARGET_NAME)";
			};
			name = Release;
		};
		D132525E189BC33C00847DE1 /* App Store */ = {
			isa = XCBuildConfiguration;
			buildSettings = {
				ALWAYS_SEARCH_USER_PATHS = NO;
				CLANG_ENABLE_OBJC_ARC = YES;
				CLANG_WARN_BOOL_CONVERSION = YES;
				CLANG_WARN_CONSTANT_CONVERSION = YES;
				CLANG_WARN_DIRECT_OBJC_ISA_USAGE = YES_ERROR;
				CLANG_WARN_EMPTY_BODY = YES;
				CLANG_WARN_ENUM_CONVERSION = YES;
				CLANG_WARN_INT_CONVERSION = YES;
				CLANG_WARN_OBJC_ROOT_CLASS = YES_ERROR;
				CLANG_WARN__DUPLICATE_METHOD_MATCH = YES;
				COPY_PHASE_STRIP = YES;
				ENABLE_NS_ASSERTIONS = NO;
				GCC_ENABLE_OBJC_EXCEPTIONS = YES;
				GCC_WARN_64_TO_32_BIT_CONVERSION = YES;
				GCC_WARN_ABOUT_RETURN_TYPE = YES_ERROR;
				GCC_WARN_UNDECLARED_SELECTOR = YES;
				GCC_WARN_UNINITIALIZED_AUTOS = YES;
				GCC_WARN_UNUSED_FUNCTION = YES;
				PRODUCT_NAME = "$(TARGET_NAME)";
			};
			name = "App Store";
		};
		D1522F27140F79500012F290 /* Debug */ = {
			isa = XCBuildConfiguration;
			baseConfigurationReference = D1358BCA18D7781000A36FDC /* iOS.xcconfig */;
			buildSettings = {
				COPY_PHASE_STRIP = NO;
				GCC_PRECOMPILE_PREFIX_HEADER = YES;
				GCC_PREFIX_HEADER = "";
				GCC_WARN_ABOUT_MISSING_PROTOTYPES = YES;
				PRODUCT_NAME = sakit;
				SKIP_INSTALL = YES;
				SUPPORTED_PLATFORMS = "iphonesimulator iphoneos";
			};
			name = Debug;
		};
		D1522F29140F79500012F290 /* Release */ = {
			isa = XCBuildConfiguration;
			baseConfigurationReference = D1358BCA18D7781000A36FDC /* iOS.xcconfig */;
			buildSettings = {
				COPY_PHASE_STRIP = YES;
				GCC_PRECOMPILE_PREFIX_HEADER = YES;
				GCC_PREFIX_HEADER = "";
				GCC_WARN_ABOUT_MISSING_PROTOTYPES = YES;
				PRODUCT_NAME = sakit;
				SKIP_INSTALL = YES;
				SUPPORTED_PLATFORMS = "iphonesimulator iphoneos";
			};
			name = Release;
		};
		D1522F2A140F79500012F290 /* App Store */ = {
			isa = XCBuildConfiguration;
			baseConfigurationReference = D1358BCA18D7781000A36FDC /* iOS.xcconfig */;
			buildSettings = {
				COPY_PHASE_STRIP = YES;
				GCC_PRECOMPILE_PREFIX_HEADER = YES;
				GCC_PREFIX_HEADER = "";
				GCC_WARN_ABOUT_MISSING_PROTOTYPES = YES;
				PRODUCT_NAME = sakit;
				SKIP_INSTALL = YES;
				SUPPORTED_PLATFORMS = "iphonesimulator iphoneos";
			};
			name = "App Store";
		};
		D1F27A85177A2CB600E5C131 /* Debug */ = {
			isa = XCBuildConfiguration;
			baseConfigurationReference = D1358BCB18D7781000A36FDC /* Mac.xcconfig */;
			buildSettings = {
				COPY_PHASE_STRIP = NO;
				GCC_PRECOMPILE_PREFIX_HEADER = YES;
				GCC_PREFIX_HEADER = "";
				GCC_WARN_ABOUT_MISSING_PROTOTYPES = YES;
				PRODUCT_NAME = sakit;
				SKIP_INSTALL = YES;
			};
			name = Debug;
		};
		D1F27A87177A2CB600E5C131 /* Release */ = {
			isa = XCBuildConfiguration;
			baseConfigurationReference = D1358BCB18D7781000A36FDC /* Mac.xcconfig */;
			buildSettings = {
				COPY_PHASE_STRIP = YES;
				GCC_PRECOMPILE_PREFIX_HEADER = YES;
				GCC_PREFIX_HEADER = "";
				GCC_WARN_ABOUT_MISSING_PROTOTYPES = YES;
				PRODUCT_NAME = sakit;
				SKIP_INSTALL = YES;
			};
			name = Release;
		};
		D1F27A88177A2CB600E5C131 /* App Store */ = {
			isa = XCBuildConfiguration;
			baseConfigurationReference = D1358BCB18D7781000A36FDC /* Mac.xcconfig */;
			buildSettings = {
				COPY_PHASE_STRIP = YES;
				GCC_PRECOMPILE_PREFIX_HEADER = YES;
				GCC_PREFIX_HEADER = "";
				GCC_WARN_ABOUT_MISSING_PROTOTYPES = YES;
				PRODUCT_NAME = sakit;
				SKIP_INSTALL = YES;
			};
			name = "App Store";
		};
/* End XCBuildConfiguration section */

/* Begin XCConfigurationList section */
		1DEB91AD08733DA50010E9CD /* Build configuration list for PBXNativeTarget "sakit" */ = {
			isa = XCConfigurationList;
			buildConfigurations = (
				C9160586132AE60400914FFC /* Debug */,
				C9160588132AE61000914FFC /* Release */,
				7F7A5615129D436D00E0ED12 /* App Store */,
			);
			defaultConfigurationIsVisible = 0;
			defaultConfigurationName = Debug;
		};
		1DEB91B108733DA50010E9CD /* Build configuration list for PBXProject "sakit" */ = {
			isa = XCConfigurationList;
			buildConfigurations = (
				C9160585132AE60400914FFC /* Debug */,
				C9160587132AE61000914FFC /* Release */,
				7F7A5614129D436D00E0ED12 /* App Store */,
			);
			defaultConfigurationIsVisible = 0;
			defaultConfigurationName = Debug;
		};
		D132525F189BC33C00847DE1 /* Build configuration list for PBXNativeTarget "demo_simple" */ = {
			isa = XCConfigurationList;
			buildConfigurations = (
				D132525C189BC33C00847DE1 /* Debug */,
				D132525D189BC33C00847DE1 /* Release */,
				D132525E189BC33C00847DE1 /* App Store */,
			);
			defaultConfigurationIsVisible = 0;
			defaultConfigurationName = Debug;
		};
		D1522F2B140F79500012F290 /* Build configuration list for PBXNativeTarget "sakit (iOS)" */ = {
			isa = XCConfigurationList;
			buildConfigurations = (
				D1522F27140F79500012F290 /* Debug */,
				D1522F29140F79500012F290 /* Release */,
				D1522F2A140F79500012F290 /* App Store */,
			);
			defaultConfigurationIsVisible = 0;
			defaultConfigurationName = Debug;
		};
		D1F27A83177A2CB600E5C131 /* Build configuration list for PBXNativeTarget "sakit (Mac)" */ = {
			isa = XCConfigurationList;
			buildConfigurations = (
				D1F27A85177A2CB600E5C131 /* Debug */,
				D1F27A87177A2CB600E5C131 /* Release */,
				D1F27A88177A2CB600E5C131 /* App Store */,
			);
			defaultConfigurationIsVisible = 0;
			defaultConfigurationName = Debug;
		};
/* End XCConfigurationList section */
	};
	rootObject = 0867D690FE84028FC02AAC07 /* Project object */;
}
