<?xml version="1.0" encoding="utf-8"?>
<Project ToolsVersion="4.0" xmlns="http://schemas.microsoft.com/developer/msbuild/2003">
  <ItemGroup>
    <Filter Include="Source Files">
      <UniqueIdentifier>{4FC737F1-C7A5-4376-A066-2A32D752A2FF}</UniqueIdentifier>
      <Extensions>cpp;c;cc;cxx;def;odl;idl;hpj;bat;asm;asmx</Extensions>
    </Filter>
    <Filter Include="winrt">
      <UniqueIdentifier>{f0ae1058-a500-44e2-8f2a-326b57b71662}</UniqueIdentifier>
    </Filter>
    <Filter Include="winrt\media">
      <UniqueIdentifier>{663d0c7b-5885-418d-b428-aadc9b449123}</UniqueIdentifier>
    </Filter>
  </ItemGroup>
  <ItemGroup>
    <ClCompile Include="demo_simple.cpp">
      <Filter>Source Files</Filter>
    </ClCompile>
  </ItemGroup>
  <ItemGroup>
    <AppxManifest Include="Package.appxmanifest">
      <Filter>winrt</Filter>
    </AppxManifest>
  </ItemGroup>
  <ItemGroup>
    <None Include="TemporaryKey.pfx">
      <Filter>winrt</Filter>
    </None>
  </ItemGroup>
  <ItemGroup>
    <Image Include="media\assets\logo_icon.png">
      <Filter>winrt\media</Filter>
    </Image>
    <Image Include="media\assets\small_icon.png">
      <Filter>winrt\media</Filter>
    </Image>
    <Image Include="media\assets\splash.png">
      <Filter>winrt\media</Filter>
    </Image>
    <Image Include="media\assets\store_icon.png">
      <Filter>winrt\media</Filter>
    </Image>
  </ItemGroup>
</Project>